// !$*UTF8*$!
{
	archiveVersion = 1;
	classes = {
	};
	objectVersion = 56;
	objects = {

/* Begin PBXBuildFile section */
		DFA20ABC2B1660AB00A66663 /* CoinRepository.swift in Sources */ = {isa = PBXBuildFile; fileRef = DFA20ABB2B1660AB00A66663 /* CoinRepository.swift */; };
		DFA20ABE2B1660CD00A66663 /* CacheVersionRepository.swift in Sources */ = {isa = PBXBuildFile; fileRef = DFA20ABD2B1660CD00A66663 /* CacheVersionRepository.swift */; };
		DFA20AC02B16672600A66663 /* ListCoinsComposer.swift in Sources */ = {isa = PBXBuildFile; fileRef = DFA20ABF2B16672600A66663 /* ListCoinsComposer.swift */; };
		DFA20AC52B16A37D00A66663 /* InternetErrorView.swift in Sources */ = {isa = PBXBuildFile; fileRef = DFA20AC42B16A37D00A66663 /* InternetErrorView.swift */; };
		DFA20AC92B16A42300A66663 /* Components.swift in Sources */ = {isa = PBXBuildFile; fileRef = DFA20AC82B16A42300A66663 /* Components.swift */; };
		DFA20ACF2B16C8CD00A66663 /* WalletFeature.swift in Sources */ = {isa = PBXBuildFile; fileRef = DFA20ACE2B16C8CD00A66663 /* WalletFeature.swift */; };
		DFA20AD22B16CA1200A66663 /* WalletView.swift in Sources */ = {isa = PBXBuildFile; fileRef = DFA20AD12B16CA1200A66663 /* WalletView.swift */; };
		DFA20AD42B16CAFF00A66663 /* WalletComposer.swift in Sources */ = {isa = PBXBuildFile; fileRef = DFA20AD32B16CAFF00A66663 /* WalletComposer.swift */; };
		DFA20AD92B16CE5000A66663 /* RootView.swift in Sources */ = {isa = PBXBuildFile; fileRef = DFA20AD82B16CE5000A66663 /* RootView.swift */; };
		DFA20ADE2B17619F00A66663 /* DisplayedCoin.swift in Sources */ = {isa = PBXBuildFile; fileRef = DFA20ADD2B17619F00A66663 /* DisplayedCoin.swift */; };
		DFA20AE02B176FE700A66663 /* ListCoinsFallback.swift in Sources */ = {isa = PBXBuildFile; fileRef = DFA20ADF2B176FE700A66663 /* ListCoinsFallback.swift */; };
		DFA20AE22B1777E000A66663 /* DisplayedWallet.swift in Sources */ = {isa = PBXBuildFile; fileRef = DFA20AE12B1777E000A66663 /* DisplayedWallet.swift */; };
		DFA20AE42B17B0BF00A66663 /* WalletCard.swift in Sources */ = {isa = PBXBuildFile; fileRef = DFA20AE32B17B0BF00A66663 /* WalletCard.swift */; };
		DFB1E8B02B1506350076008E /* CryptoSphereApp.swift in Sources */ = {isa = PBXBuildFile; fileRef = DFB1E8AF2B1506350076008E /* CryptoSphereApp.swift */; };
		DFB1E8B22B1506350076008E /* ListCoinsView.swift in Sources */ = {isa = PBXBuildFile; fileRef = DFB1E8B12B1506350076008E /* ListCoinsView.swift */; };
		DFB1E8B42B1506360076008E /* Assets.xcassets in Resources */ = {isa = PBXBuildFile; fileRef = DFB1E8B32B1506360076008E /* Assets.xcassets */; };
		DFB1E8C12B1506360076008E /* CryptoSphereTests.swift in Sources */ = {isa = PBXBuildFile; fileRef = DFB1E8C02B1506360076008E /* CryptoSphereTests.swift */; };
		DFB1E8CB2B1506360076008E /* CryptoSphereUITests.swift in Sources */ = {isa = PBXBuildFile; fileRef = DFB1E8CA2B1506360076008E /* CryptoSphereUITests.swift */; };
		DFB1E8CD2B1506360076008E /* CryptoSphereUITestsLaunchTests.swift in Sources */ = {isa = PBXBuildFile; fileRef = DFB1E8CC2B1506360076008E /* CryptoSphereUITestsLaunchTests.swift */; };
		DFB1E8DD2B150AAB0076008E /* ListCoinsFeature.swift in Sources */ = {isa = PBXBuildFile; fileRef = DFB1E8DC2B150AAB0076008E /* ListCoinsFeature.swift */; };
		DFB1E8E12B150B5F0076008E /* ComposableArchitecture in Frameworks */ = {isa = PBXBuildFile; productRef = DFB1E8E02B150B5F0076008E /* ComposableArchitecture */; };
		DFB1E8EC2B1522350076008E /* APICallError.swift in Sources */ = {isa = PBXBuildFile; fileRef = DFB1E8EB2B1522350076008E /* APICallError.swift */; };
		DFB1E8EE2B1522480076008E /* URLSessionHTTPClient.swift in Sources */ = {isa = PBXBuildFile; fileRef = DFB1E8ED2B1522480076008E /* URLSessionHTTPClient.swift */; };
		DFB1E8F12B1522C20076008E /* HTTPClientProtocol.swift in Sources */ = {isa = PBXBuildFile; fileRef = DFB1E8F02B1522C20076008E /* HTTPClientProtocol.swift */; };
		DFB1E8F32B1522FB0076008E /* EndpointProtocol.swift in Sources */ = {isa = PBXBuildFile; fileRef = DFB1E8F22B1522FB0076008E /* EndpointProtocol.swift */; };
		DFB1E8F92B15244F0076008E /* RemoteCoin.swift in Sources */ = {isa = PBXBuildFile; fileRef = DFB1E8F82B15244F0076008E /* RemoteCoin.swift */; };
		DFB1E8FD2B15276D0076008E /* CoinLoader.swift in Sources */ = {isa = PBXBuildFile; fileRef = DFB1E8FC2B15276D0076008E /* CoinLoader.swift */; };
		DFB1E9002B152AD90076008E /* Coin.swift in Sources */ = {isa = PBXBuildFile; fileRef = DFB1E8FF2B152AD90076008E /* Coin.swift */; };
		DFB1E9032B152C6F0076008E /* RemoteCoinLoaderService.swift in Sources */ = {isa = PBXBuildFile; fileRef = DFB1E9022B152C6F0076008E /* RemoteCoinLoaderService.swift */; };
		DFB1E9052B152DEB0076008E /* CoinMapper.swift in Sources */ = {isa = PBXBuildFile; fileRef = DFB1E9042B152DEB0076008E /* CoinMapper.swift */; };
		DFB1E9092B1562630076008E /* Image+.swift in Sources */ = {isa = PBXBuildFile; fileRef = DFB1E9082B1562630076008E /* Image+.swift */; };
		DFB1E90C2B16197C0076008E /* DesignSystem.swift in Sources */ = {isa = PBXBuildFile; fileRef = DFB1E90B2B16197C0076008E /* DesignSystem.swift */; };
		DFB1E90E2B1619B40076008E /* Backgrounds.swift in Sources */ = {isa = PBXBuildFile; fileRef = DFB1E90D2B1619B40076008E /* Backgrounds.swift */; };
		DFB1E9102B1619CD0076008E /* FontColors.swift in Sources */ = {isa = PBXBuildFile; fileRef = DFB1E90F2B1619CD0076008E /* FontColors.swift */; };
		DFB1E9132B161DE80076008E /* CoinCard.swift in Sources */ = {isa = PBXBuildFile; fileRef = DFB1E9122B161DE80076008E /* CoinCard.swift */; };
		DFB1E9152B162A550076008E /* CoinGeckoEndpoint.swift in Sources */ = {isa = PBXBuildFile; fileRef = DFB1E9142B162A550076008E /* CoinGeckoEndpoint.swift */; };
		DFB1E9172B162DBD0076008E /* RemoteDollarExchange.swift in Sources */ = {isa = PBXBuildFile; fileRef = DFB1E9162B162DBD0076008E /* RemoteDollarExchange.swift */; };
		DFB1E9192B1635220076008E /* String+.swift in Sources */ = {isa = PBXBuildFile; fileRef = DFB1E9182B1635220076008E /* String+.swift */; };
		DFB1E91B2B163E430076008E /* CoinCache.swift in Sources */ = {isa = PBXBuildFile; fileRef = DFB1E91A2B163E430076008E /* CoinCache.swift */; };
		DFB1E91E2B16410E0076008E /* CoinCacheManager.swift in Sources */ = {isa = PBXBuildFile; fileRef = DFB1E91D2B16410E0076008E /* CoinCacheManager.swift */; };
		DFB1E9232B16499D0076008E /* CoinCache.xcdatamodeld in Sources */ = {isa = PBXBuildFile; fileRef = DFB1E9212B16499D0076008E /* CoinCache.xcdatamodeld */; };
		DFB1E9252B1655020076008E /* Persistence.swift in Sources */ = {isa = PBXBuildFile; fileRef = DFB1E9242B1655020076008E /* Persistence.swift */; };
		DFB1E9272B1655CC0076008E /* CoredataPersistanceManager.swift in Sources */ = {isa = PBXBuildFile; fileRef = DFB1E9262B1655CC0076008E /* CoredataPersistanceManager.swift */; };
/* End PBXBuildFile section */

/* Begin PBXContainerItemProxy section */
		DFB1E8BD2B1506360076008E /* PBXContainerItemProxy */ = {
			isa = PBXContainerItemProxy;
			containerPortal = DFB1E8A42B1506350076008E /* Project object */;
			proxyType = 1;
			remoteGlobalIDString = DFB1E8AB2B1506350076008E;
			remoteInfo = CryptoSphere;
		};
		DFB1E8C72B1506360076008E /* PBXContainerItemProxy */ = {
			isa = PBXContainerItemProxy;
			containerPortal = DFB1E8A42B1506350076008E /* Project object */;
			proxyType = 1;
			remoteGlobalIDString = DFB1E8AB2B1506350076008E;
			remoteInfo = CryptoSphere;
		};
/* End PBXContainerItemProxy section */

/* Begin PBXFileReference section */
		DFA20ABB2B1660AB00A66663 /* CoinRepository.swift */ = {isa = PBXFileReference; lastKnownFileType = sourcecode.swift; path = CoinRepository.swift; sourceTree = "<group>"; };
		DFA20ABD2B1660CD00A66663 /* CacheVersionRepository.swift */ = {isa = PBXFileReference; lastKnownFileType = sourcecode.swift; path = CacheVersionRepository.swift; sourceTree = "<group>"; };
		DFA20ABF2B16672600A66663 /* ListCoinsComposer.swift */ = {isa = PBXFileReference; lastKnownFileType = sourcecode.swift; path = ListCoinsComposer.swift; sourceTree = "<group>"; };
		DFA20AC42B16A37D00A66663 /* InternetErrorView.swift */ = {isa = PBXFileReference; lastKnownFileType = sourcecode.swift; path = InternetErrorView.swift; sourceTree = "<group>"; };
		DFA20AC82B16A42300A66663 /* Components.swift */ = {isa = PBXFileReference; lastKnownFileType = sourcecode.swift; path = Components.swift; sourceTree = "<group>"; };
		DFA20ACE2B16C8CD00A66663 /* WalletFeature.swift */ = {isa = PBXFileReference; lastKnownFileType = sourcecode.swift; path = WalletFeature.swift; sourceTree = "<group>"; };
		DFA20AD12B16CA1200A66663 /* WalletView.swift */ = {isa = PBXFileReference; lastKnownFileType = sourcecode.swift; path = WalletView.swift; sourceTree = "<group>"; };
		DFA20AD32B16CAFF00A66663 /* WalletComposer.swift */ = {isa = PBXFileReference; lastKnownFileType = sourcecode.swift; path = WalletComposer.swift; sourceTree = "<group>"; };
		DFA20AD82B16CE5000A66663 /* RootView.swift */ = {isa = PBXFileReference; lastKnownFileType = sourcecode.swift; path = RootView.swift; sourceTree = "<group>"; };
		DFA20ADD2B17619F00A66663 /* DisplayedCoin.swift */ = {isa = PBXFileReference; lastKnownFileType = sourcecode.swift; path = DisplayedCoin.swift; sourceTree = "<group>"; };
		DFA20ADF2B176FE700A66663 /* ListCoinsFallback.swift */ = {isa = PBXFileReference; lastKnownFileType = sourcecode.swift; path = ListCoinsFallback.swift; sourceTree = "<group>"; };
		DFA20AE12B1777E000A66663 /* DisplayedWallet.swift */ = {isa = PBXFileReference; lastKnownFileType = sourcecode.swift; path = DisplayedWallet.swift; sourceTree = "<group>"; };
		DFA20AE32B17B0BF00A66663 /* WalletCard.swift */ = {isa = PBXFileReference; lastKnownFileType = sourcecode.swift; path = WalletCard.swift; sourceTree = "<group>"; };
		DFB1E8AC2B1506350076008E /* CryptoSphere.app */ = {isa = PBXFileReference; explicitFileType = wrapper.application; includeInIndex = 0; path = CryptoSphere.app; sourceTree = BUILT_PRODUCTS_DIR; };
		DFB1E8AF2B1506350076008E /* CryptoSphereApp.swift */ = {isa = PBXFileReference; lastKnownFileType = sourcecode.swift; path = CryptoSphereApp.swift; sourceTree = "<group>"; };
		DFB1E8B12B1506350076008E /* ListCoinsView.swift */ = {isa = PBXFileReference; lastKnownFileType = sourcecode.swift; path = ListCoinsView.swift; sourceTree = "<group>"; };
		DFB1E8B32B1506360076008E /* Assets.xcassets */ = {isa = PBXFileReference; lastKnownFileType = folder.assetcatalog; path = Assets.xcassets; sourceTree = "<group>"; };
		DFB1E8BC2B1506360076008E /* CryptoSphereTests.xctest */ = {isa = PBXFileReference; explicitFileType = wrapper.cfbundle; includeInIndex = 0; path = CryptoSphereTests.xctest; sourceTree = BUILT_PRODUCTS_DIR; };
		DFB1E8C02B1506360076008E /* CryptoSphereTests.swift */ = {isa = PBXFileReference; lastKnownFileType = sourcecode.swift; path = CryptoSphereTests.swift; sourceTree = "<group>"; };
		DFB1E8C62B1506360076008E /* CryptoSphereUITests.xctest */ = {isa = PBXFileReference; explicitFileType = wrapper.cfbundle; includeInIndex = 0; path = CryptoSphereUITests.xctest; sourceTree = BUILT_PRODUCTS_DIR; };
		DFB1E8CA2B1506360076008E /* CryptoSphereUITests.swift */ = {isa = PBXFileReference; lastKnownFileType = sourcecode.swift; path = CryptoSphereUITests.swift; sourceTree = "<group>"; };
		DFB1E8CC2B1506360076008E /* CryptoSphereUITestsLaunchTests.swift */ = {isa = PBXFileReference; lastKnownFileType = sourcecode.swift; path = CryptoSphereUITestsLaunchTests.swift; sourceTree = "<group>"; };
		DFB1E8DC2B150AAB0076008E /* ListCoinsFeature.swift */ = {isa = PBXFileReference; lastKnownFileType = sourcecode.swift; path = ListCoinsFeature.swift; sourceTree = "<group>"; };
		DFB1E8EB2B1522350076008E /* APICallError.swift */ = {isa = PBXFileReference; lastKnownFileType = sourcecode.swift; path = APICallError.swift; sourceTree = "<group>"; };
		DFB1E8ED2B1522480076008E /* URLSessionHTTPClient.swift */ = {isa = PBXFileReference; lastKnownFileType = sourcecode.swift; path = URLSessionHTTPClient.swift; sourceTree = "<group>"; };
		DFB1E8F02B1522C20076008E /* HTTPClientProtocol.swift */ = {isa = PBXFileReference; lastKnownFileType = sourcecode.swift; path = HTTPClientProtocol.swift; sourceTree = "<group>"; };
		DFB1E8F22B1522FB0076008E /* EndpointProtocol.swift */ = {isa = PBXFileReference; lastKnownFileType = sourcecode.swift; path = EndpointProtocol.swift; sourceTree = "<group>"; };
		DFB1E8F82B15244F0076008E /* RemoteCoin.swift */ = {isa = PBXFileReference; lastKnownFileType = sourcecode.swift; path = RemoteCoin.swift; sourceTree = "<group>"; };
		DFB1E8FC2B15276D0076008E /* CoinLoader.swift */ = {isa = PBXFileReference; lastKnownFileType = sourcecode.swift; path = CoinLoader.swift; sourceTree = "<group>"; };
		DFB1E8FF2B152AD90076008E /* Coin.swift */ = {isa = PBXFileReference; lastKnownFileType = sourcecode.swift; path = Coin.swift; sourceTree = "<group>"; };
		DFB1E9022B152C6F0076008E /* RemoteCoinLoaderService.swift */ = {isa = PBXFileReference; lastKnownFileType = sourcecode.swift; path = RemoteCoinLoaderService.swift; sourceTree = "<group>"; };
		DFB1E9042B152DEB0076008E /* CoinMapper.swift */ = {isa = PBXFileReference; lastKnownFileType = sourcecode.swift; path = CoinMapper.swift; sourceTree = "<group>"; };
		DFB1E9082B1562630076008E /* Image+.swift */ = {isa = PBXFileReference; lastKnownFileType = sourcecode.swift; path = "Image+.swift"; sourceTree = "<group>"; };
		DFB1E90B2B16197C0076008E /* DesignSystem.swift */ = {isa = PBXFileReference; lastKnownFileType = sourcecode.swift; path = DesignSystem.swift; sourceTree = "<group>"; };
		DFB1E90D2B1619B40076008E /* Backgrounds.swift */ = {isa = PBXFileReference; lastKnownFileType = sourcecode.swift; path = Backgrounds.swift; sourceTree = "<group>"; };
		DFB1E90F2B1619CD0076008E /* FontColors.swift */ = {isa = PBXFileReference; lastKnownFileType = sourcecode.swift; path = FontColors.swift; sourceTree = "<group>"; };
		DFB1E9122B161DE80076008E /* CoinCard.swift */ = {isa = PBXFileReference; lastKnownFileType = sourcecode.swift; path = CoinCard.swift; sourceTree = "<group>"; };
		DFB1E9142B162A550076008E /* CoinGeckoEndpoint.swift */ = {isa = PBXFileReference; lastKnownFileType = sourcecode.swift; path = CoinGeckoEndpoint.swift; sourceTree = "<group>"; };
		DFB1E9162B162DBD0076008E /* RemoteDollarExchange.swift */ = {isa = PBXFileReference; lastKnownFileType = sourcecode.swift; path = RemoteDollarExchange.swift; sourceTree = "<group>"; };
		DFB1E9182B1635220076008E /* String+.swift */ = {isa = PBXFileReference; lastKnownFileType = sourcecode.swift; path = "String+.swift"; sourceTree = "<group>"; };
		DFB1E91A2B163E430076008E /* CoinCache.swift */ = {isa = PBXFileReference; lastKnownFileType = sourcecode.swift; path = CoinCache.swift; sourceTree = "<group>"; };
		DFB1E91D2B16410E0076008E /* CoinCacheManager.swift */ = {isa = PBXFileReference; lastKnownFileType = sourcecode.swift; path = CoinCacheManager.swift; sourceTree = "<group>"; };
		DFB1E9222B16499D0076008E /* CoinCache.xcdatamodel */ = {isa = PBXFileReference; lastKnownFileType = wrapper.xcdatamodel; path = CoinCache.xcdatamodel; sourceTree = "<group>"; };
		DFB1E9242B1655020076008E /* Persistence.swift */ = {isa = PBXFileReference; lastKnownFileType = sourcecode.swift; path = Persistence.swift; sourceTree = "<group>"; };
		DFB1E9262B1655CC0076008E /* CoredataPersistanceManager.swift */ = {isa = PBXFileReference; lastKnownFileType = sourcecode.swift; path = CoredataPersistanceManager.swift; sourceTree = "<group>"; };
/* End PBXFileReference section */

/* Begin PBXFrameworksBuildPhase section */
		DFB1E8A92B1506350076008E /* Frameworks */ = {
			isa = PBXFrameworksBuildPhase;
			buildActionMask = 2147483647;
			files = (
				DFB1E8E12B150B5F0076008E /* ComposableArchitecture in Frameworks */,
			);
			runOnlyForDeploymentPostprocessing = 0;
		};
		DFB1E8B92B1506360076008E /* Frameworks */ = {
			isa = PBXFrameworksBuildPhase;
			buildActionMask = 2147483647;
			files = (
			);
			runOnlyForDeploymentPostprocessing = 0;
		};
		DFB1E8C32B1506360076008E /* Frameworks */ = {
			isa = PBXFrameworksBuildPhase;
			buildActionMask = 2147483647;
			files = (
			);
			runOnlyForDeploymentPostprocessing = 0;
		};
/* End PBXFrameworksBuildPhase section */

/* Begin PBXGroup section */
		DFA20ABA2B16609000A66663 /* Repositories */ = {
			isa = PBXGroup;
			children = (
				DFA20ABB2B1660AB00A66663 /* CoinRepository.swift */,
				DFA20ABD2B1660CD00A66663 /* CacheVersionRepository.swift */,
			);
			path = Repositories;
			sourceTree = "<group>";
		};
		DFA20AC32B16A36400A66663 /* UI Components */ = {
			isa = PBXGroup;
			children = (
				DFA20AC42B16A37D00A66663 /* InternetErrorView.swift */,
				DFB1E9122B161DE80076008E /* CoinCard.swift */,
				DFA20AE32B17B0BF00A66663 /* WalletCard.swift */,
			);
			path = "UI Components";
			sourceTree = "<group>";
		};
		DFA20ACD2B16C8AC00A66663 /* Wallet */ = {
			isa = PBXGroup;
			children = (
				DFA20ACE2B16C8CD00A66663 /* WalletFeature.swift */,
				DFA20AD12B16CA1200A66663 /* WalletView.swift */,
				DFA20AD32B16CAFF00A66663 /* WalletComposer.swift */,
			);
			path = Wallet;
			sourceTree = "<group>";
		};
		DFA20AD52B16CBD100A66663 /* Root */ = {
			isa = PBXGroup;
			children = (
				DFA20AD82B16CE5000A66663 /* RootView.swift */,
			);
			path = Root;
			sourceTree = "<group>";
		};
		DFA20ADC2B17618900A66663 /* DisplayedModels */ = {
			isa = PBXGroup;
			children = (
				DFA20ADD2B17619F00A66663 /* DisplayedCoin.swift */,
				DFA20AE12B1777E000A66663 /* DisplayedWallet.swift */,
			);
			path = DisplayedModels;
			sourceTree = "<group>";
		};
		DFB1E8A32B1506350076008E = {
			isa = PBXGroup;
			children = (
				DFB1E8AE2B1506350076008E /* CryptoSphere */,
				DFB1E8BF2B1506360076008E /* CryptoSphereTests */,
				DFB1E8C92B1506360076008E /* CryptoSphereUITests */,
				DFB1E8AD2B1506350076008E /* Products */,
				DFB1E8DE2B150AFC0076008E /* Frameworks */,
			);
			sourceTree = "<group>";
		};
		DFB1E8AD2B1506350076008E /* Products */ = {
			isa = PBXGroup;
			children = (
				DFB1E8AC2B1506350076008E /* CryptoSphere.app */,
				DFB1E8BC2B1506360076008E /* CryptoSphereTests.xctest */,
				DFB1E8C62B1506360076008E /* CryptoSphereUITests.xctest */,
			);
			name = Products;
			sourceTree = "<group>";
		};
		DFB1E8AE2B1506350076008E /* CryptoSphere */ = {
			isa = PBXGroup;
			children = (
				DFB1E8E72B15215F0076008E /* Resources */,
				DFB1E8E52B1521380076008E /* Application */,
				DFB1E8E62B1521420076008E /* Source */,
			);
			path = CryptoSphere;
			sourceTree = "<group>";
		};
		DFB1E8BF2B1506360076008E /* CryptoSphereTests */ = {
			isa = PBXGroup;
			children = (
				DFB1E8C02B1506360076008E /* CryptoSphereTests.swift */,
			);
			path = CryptoSphereTests;
			sourceTree = "<group>";
		};
		DFB1E8C92B1506360076008E /* CryptoSphereUITests */ = {
			isa = PBXGroup;
			children = (
				DFB1E8CA2B1506360076008E /* CryptoSphereUITests.swift */,
				DFB1E8CC2B1506360076008E /* CryptoSphereUITestsLaunchTests.swift */,
			);
			path = CryptoSphereUITests;
			sourceTree = "<group>";
		};
		DFB1E8DE2B150AFC0076008E /* Frameworks */ = {
			isa = PBXGroup;
			children = (
			);
			name = Frameworks;
			sourceTree = "<group>";
		};
		DFB1E8E22B151B970076008E /* Scenes */ = {
			isa = PBXGroup;
			children = (
				DFA20ADC2B17618900A66663 /* DisplayedModels */,
				DFA20AD52B16CBD100A66663 /* Root */,
				DFA20ACD2B16C8AC00A66663 /* Wallet */,
				DFB1E8E32B151BA00076008E /* ListCoins */,
			);
			path = Scenes;
			sourceTree = "<group>";
		};
		DFB1E8E32B151BA00076008E /* ListCoins */ = {
			isa = PBXGroup;
			children = (
				DFB1E8B12B1506350076008E /* ListCoinsView.swift */,
				DFB1E8DC2B150AAB0076008E /* ListCoinsFeature.swift */,
				DFA20ABF2B16672600A66663 /* ListCoinsComposer.swift */,
				DFA20ADF2B176FE700A66663 /* ListCoinsFallback.swift */,
			);
			path = ListCoins;
			sourceTree = "<group>";
		};
		DFB1E8E42B1521240076008E /* Workers */ = {
			isa = PBXGroup;
			children = (
				DFB1E91C2B1640EC0076008E /* CoinCacheManager */,
				DFB1E8E92B1522040076008E /* HTTPClient */,
				DFB1E9012B152C4B0076008E /* RemoteCoinLoader */,
			);
			path = Workers;
			sourceTree = "<group>";
		};
		DFB1E8E52B1521380076008E /* Application */ = {
			isa = PBXGroup;
			children = (
				DFB1E8AF2B1506350076008E /* CryptoSphereApp.swift */,
				DFB1E9242B1655020076008E /* Persistence.swift */,
			);
			path = Application;
			sourceTree = "<group>";
		};
		DFB1E8E62B1521420076008E /* Source */ = {
			isa = PBXGroup;
			children = (
				DFB1E90A2B1619470076008E /* DesignSystem */,
				DFB1E9062B1562490076008E /* Utils */,
				DFB1E8F72B1523DE0076008E /* Mappers */,
				DFB1E8F42B15235D0076008E /* Domain */,
				DFB1E8F52B1523640076008E /* UseCases */,
				DFB1E8E22B151B970076008E /* Scenes */,
			);
			path = Source;
			sourceTree = "<group>";
		};
		DFB1E8E72B15215F0076008E /* Resources */ = {
			isa = PBXGroup;
			children = (
				DFB1E8B32B1506360076008E /* Assets.xcassets */,
			);
			path = Resources;
			sourceTree = "<group>";
		};
		DFB1E8E92B1522040076008E /* HTTPClient */ = {
			isa = PBXGroup;
			children = (
				DFB1E8EF2B1522AA0076008E /* Protocols */,
				DFB1E8EA2B1522110076008E /* Endpoints */,
				DFB1E8EB2B1522350076008E /* APICallError.swift */,
				DFB1E8ED2B1522480076008E /* URLSessionHTTPClient.swift */,
			);
			path = HTTPClient;
			sourceTree = "<group>";
		};
		DFB1E8EA2B1522110076008E /* Endpoints */ = {
			isa = PBXGroup;
			children = (
				DFB1E9142B162A550076008E /* CoinGeckoEndpoint.swift */,
			);
			path = Endpoints;
			sourceTree = "<group>";
		};
		DFB1E8EF2B1522AA0076008E /* Protocols */ = {
			isa = PBXGroup;
			children = (
				DFB1E8F02B1522C20076008E /* HTTPClientProtocol.swift */,
				DFB1E8F22B1522FB0076008E /* EndpointProtocol.swift */,
			);
			path = Protocols;
			sourceTree = "<group>";
		};
		DFB1E8F42B15235D0076008E /* Domain */ = {
			isa = PBXGroup;
			children = (
				DFB1E8F62B1523760076008E /* RemoteModels */,
				DFB1E8E42B1521240076008E /* Workers */,
			);
			path = Domain;
			sourceTree = "<group>";
		};
		DFB1E8F52B1523640076008E /* UseCases */ = {
			isa = PBXGroup;
			children = (
				DFB1E8FE2B152AC40076008E /* BusinessModels */,
				DFB1E8FC2B15276D0076008E /* CoinLoader.swift */,
				DFB1E91A2B163E430076008E /* CoinCache.swift */,
			);
			path = UseCases;
			sourceTree = "<group>";
		};
		DFB1E8F62B1523760076008E /* RemoteModels */ = {
			isa = PBXGroup;
			children = (
				DFB1E8F82B15244F0076008E /* RemoteCoin.swift */,
				DFB1E9162B162DBD0076008E /* RemoteDollarExchange.swift */,
			);
			path = RemoteModels;
			sourceTree = "<group>";
		};
		DFB1E8F72B1523DE0076008E /* Mappers */ = {
			isa = PBXGroup;
			children = (
				DFB1E9042B152DEB0076008E /* CoinMapper.swift */,
			);
			path = Mappers;
			sourceTree = "<group>";
		};
		DFB1E8FE2B152AC40076008E /* BusinessModels */ = {
			isa = PBXGroup;
			children = (
				DFB1E8FF2B152AD90076008E /* Coin.swift */,
			);
			path = BusinessModels;
			sourceTree = "<group>";
		};
		DFB1E9012B152C4B0076008E /* RemoteCoinLoader */ = {
			isa = PBXGroup;
			children = (
				DFB1E9022B152C6F0076008E /* RemoteCoinLoaderService.swift */,
			);
			path = RemoteCoinLoader;
			sourceTree = "<group>";
		};
		DFB1E9062B1562490076008E /* Utils */ = {
			isa = PBXGroup;
			children = (
				DFB1E9072B1562530076008E /* Extensions */,
			);
			path = Utils;
			sourceTree = "<group>";
		};
		DFB1E9072B1562530076008E /* Extensions */ = {
			isa = PBXGroup;
			children = (
				DFB1E9082B1562630076008E /* Image+.swift */,
				DFB1E9182B1635220076008E /* String+.swift */,
			);
			path = Extensions;
			sourceTree = "<group>";
		};
		DFB1E90A2B1619470076008E /* DesignSystem */ = {
			isa = PBXGroup;
			children = (
				DFA20AC32B16A36400A66663 /* UI Components */,
				DFB1E90B2B16197C0076008E /* DesignSystem.swift */,
				DFB1E90D2B1619B40076008E /* Backgrounds.swift */,
				DFB1E90F2B1619CD0076008E /* FontColors.swift */,
				DFA20AC82B16A42300A66663 /* Components.swift */,
			);
			path = DesignSystem;
			sourceTree = "<group>";
		};
		DFB1E91C2B1640EC0076008E /* CoinCacheManager */ = {
			isa = PBXGroup;
			children = (
				DFA20ABA2B16609000A66663 /* Repositories */,
				DFB1E91D2B16410E0076008E /* CoinCacheManager.swift */,
				DFB1E9262B1655CC0076008E /* CoredataPersistanceManager.swift */,
				DFB1E9212B16499D0076008E /* CoinCache.xcdatamodeld */,
			);
			path = CoinCacheManager;
			sourceTree = "<group>";
		};
/* End PBXGroup section */

/* Begin PBXNativeTarget section */
		DFB1E8AB2B1506350076008E /* CryptoSphere */ = {
			isa = PBXNativeTarget;
			buildConfigurationList = DFB1E8D02B1506360076008E /* Build configuration list for PBXNativeTarget "CryptoSphere" */;
			buildPhases = (
				DFB1E8A82B1506350076008E /* Sources */,
				DFB1E8A92B1506350076008E /* Frameworks */,
				DFB1E8AA2B1506350076008E /* Resources */,
			);
			buildRules = (
			);
			dependencies = (
			);
			name = CryptoSphere;
			packageProductDependencies = (
				DFB1E8E02B150B5F0076008E /* ComposableArchitecture */,
			);
			productName = CryptoSphere;
			productReference = DFB1E8AC2B1506350076008E /* CryptoSphere.app */;
			productType = "com.apple.product-type.application";
		};
		DFB1E8BB2B1506360076008E /* CryptoSphereTests */ = {
			isa = PBXNativeTarget;
			buildConfigurationList = DFB1E8D32B1506360076008E /* Build configuration list for PBXNativeTarget "CryptoSphereTests" */;
			buildPhases = (
				DFB1E8B82B1506360076008E /* Sources */,
				DFB1E8B92B1506360076008E /* Frameworks */,
				DFB1E8BA2B1506360076008E /* Resources */,
			);
			buildRules = (
			);
			dependencies = (
				DFB1E8BE2B1506360076008E /* PBXTargetDependency */,
			);
			name = CryptoSphereTests;
			productName = CryptoSphereTests;
			productReference = DFB1E8BC2B1506360076008E /* CryptoSphereTests.xctest */;
			productType = "com.apple.product-type.bundle.unit-test";
		};
		DFB1E8C52B1506360076008E /* CryptoSphereUITests */ = {
			isa = PBXNativeTarget;
			buildConfigurationList = DFB1E8D62B1506360076008E /* Build configuration list for PBXNativeTarget "CryptoSphereUITests" */;
			buildPhases = (
				DFB1E8C22B1506360076008E /* Sources */,
				DFB1E8C32B1506360076008E /* Frameworks */,
				DFB1E8C42B1506360076008E /* Resources */,
			);
			buildRules = (
			);
			dependencies = (
				DFB1E8C82B1506360076008E /* PBXTargetDependency */,
			);
			name = CryptoSphereUITests;
			productName = CryptoSphereUITests;
			productReference = DFB1E8C62B1506360076008E /* CryptoSphereUITests.xctest */;
			productType = "com.apple.product-type.bundle.ui-testing";
		};
/* End PBXNativeTarget section */

/* Begin PBXProject section */
		DFB1E8A42B1506350076008E /* Project object */ = {
			isa = PBXProject;
			attributes = {
				BuildIndependentTargetsInParallel = 1;
				LastSwiftUpdateCheck = 1500;
				LastUpgradeCheck = 1500;
				TargetAttributes = {
					DFB1E8AB2B1506350076008E = {
						CreatedOnToolsVersion = 15.0.1;
					};
					DFB1E8BB2B1506360076008E = {
						CreatedOnToolsVersion = 15.0.1;
						TestTargetID = DFB1E8AB2B1506350076008E;
					};
					DFB1E8C52B1506360076008E = {
						CreatedOnToolsVersion = 15.0.1;
						TestTargetID = DFB1E8AB2B1506350076008E;
					};
				};
			};
			buildConfigurationList = DFB1E8A72B1506350076008E /* Build configuration list for PBXProject "CryptoSphere" */;
			compatibilityVersion = "Xcode 14.0";
			developmentRegion = en;
			hasScannedForEncodings = 0;
			knownRegions = (
				en,
				Base,
			);
			mainGroup = DFB1E8A32B1506350076008E;
			packageReferences = (
				DFB1E8DF2B150B5F0076008E /* XCRemoteSwiftPackageReference "swift-composable-architecture" */,
			);
			productRefGroup = DFB1E8AD2B1506350076008E /* Products */;
			projectDirPath = "";
			projectRoot = "";
			targets = (
				DFB1E8AB2B1506350076008E /* CryptoSphere */,
				DFB1E8BB2B1506360076008E /* CryptoSphereTests */,
				DFB1E8C52B1506360076008E /* CryptoSphereUITests */,
			);
		};
/* End PBXProject section */

/* Begin PBXResourcesBuildPhase section */
		DFB1E8AA2B1506350076008E /* Resources */ = {
			isa = PBXResourcesBuildPhase;
			buildActionMask = 2147483647;
			files = (
				DFB1E8B42B1506360076008E /* Assets.xcassets in Resources */,
			);
			runOnlyForDeploymentPostprocessing = 0;
		};
		DFB1E8BA2B1506360076008E /* Resources */ = {
			isa = PBXResourcesBuildPhase;
			buildActionMask = 2147483647;
			files = (
			);
			runOnlyForDeploymentPostprocessing = 0;
		};
		DFB1E8C42B1506360076008E /* Resources */ = {
			isa = PBXResourcesBuildPhase;
			buildActionMask = 2147483647;
			files = (
			);
			runOnlyForDeploymentPostprocessing = 0;
		};
/* End PBXResourcesBuildPhase section */

/* Begin PBXSourcesBuildPhase section */
		DFB1E8A82B1506350076008E /* Sources */ = {
			isa = PBXSourcesBuildPhase;
			buildActionMask = 2147483647;
			files = (
				DFA20AE42B17B0BF00A66663 /* WalletCard.swift in Sources */,
				DFB1E9132B161DE80076008E /* CoinCard.swift in Sources */,
				DFB1E8F92B15244F0076008E /* RemoteCoin.swift in Sources */,
				DFA20AE22B1777E000A66663 /* DisplayedWallet.swift in Sources */,
				DFA20ADE2B17619F00A66663 /* DisplayedCoin.swift in Sources */,
				DFB1E9192B1635220076008E /* String+.swift in Sources */,
				DFA20AD92B16CE5000A66663 /* RootView.swift in Sources */,
				DFB1E8B22B1506350076008E /* ListCoinsView.swift in Sources */,
				DFB1E8EE2B1522480076008E /* URLSessionHTTPClient.swift in Sources */,
				DFB1E8EC2B1522350076008E /* APICallError.swift in Sources */,
				DFB1E9172B162DBD0076008E /* RemoteDollarExchange.swift in Sources */,
				DFA20AC92B16A42300A66663 /* Components.swift in Sources */,
				DFA20AE02B176FE700A66663 /* ListCoinsFallback.swift in Sources */,
				DFB1E9032B152C6F0076008E /* RemoteCoinLoaderService.swift in Sources */,
				DFB1E9272B1655CC0076008E /* CoredataPersistanceManager.swift in Sources */,
				DFB1E90C2B16197C0076008E /* DesignSystem.swift in Sources */,
				DFB1E9252B1655020076008E /* Persistence.swift in Sources */,
				DFB1E91E2B16410E0076008E /* CoinCacheManager.swift in Sources */,
				DFB1E9052B152DEB0076008E /* CoinMapper.swift in Sources */,
				DFB1E8DD2B150AAB0076008E /* ListCoinsFeature.swift in Sources */,
				DFA20AD22B16CA1200A66663 /* WalletView.swift in Sources */,
				DFA20AD42B16CAFF00A66663 /* WalletComposer.swift in Sources */,
				DFB1E9152B162A550076008E /* CoinGeckoEndpoint.swift in Sources */,
				DFB1E91B2B163E430076008E /* CoinCache.swift in Sources */,
				DFA20ABE2B1660CD00A66663 /* CacheVersionRepository.swift in Sources */,
				DFB1E8F12B1522C20076008E /* HTTPClientProtocol.swift in Sources */,
				DFB1E8FD2B15276D0076008E /* CoinLoader.swift in Sources */,
				DFA20ACF2B16C8CD00A66663 /* WalletFeature.swift in Sources */,
				DFA20ABC2B1660AB00A66663 /* CoinRepository.swift in Sources */,
				DFB1E8B02B1506350076008E /* CryptoSphereApp.swift in Sources */,
				DFB1E9092B1562630076008E /* Image+.swift in Sources */,
				DFA20AC02B16672600A66663 /* ListCoinsComposer.swift in Sources */,
				DFB1E9002B152AD90076008E /* Coin.swift in Sources */,
				DFA20AC52B16A37D00A66663 /* InternetErrorView.swift in Sources */,
				DFB1E8F32B1522FB0076008E /* EndpointProtocol.swift in Sources */,
				DFB1E9102B1619CD0076008E /* FontColors.swift in Sources */,
				DFB1E9232B16499D0076008E /* CoinCache.xcdatamodeld in Sources */,
				DFB1E90E2B1619B40076008E /* Backgrounds.swift in Sources */,
			);
			runOnlyForDeploymentPostprocessing = 0;
		};
		DFB1E8B82B1506360076008E /* Sources */ = {
			isa = PBXSourcesBuildPhase;
			buildActionMask = 2147483647;
			files = (
				DFB1E8C12B1506360076008E /* CryptoSphereTests.swift in Sources */,
			);
			runOnlyForDeploymentPostprocessing = 0;
		};
		DFB1E8C22B1506360076008E /* Sources */ = {
			isa = PBXSourcesBuildPhase;
			buildActionMask = 2147483647;
			files = (
				DFB1E8CD2B1506360076008E /* CryptoSphereUITestsLaunchTests.swift in Sources */,
				DFB1E8CB2B1506360076008E /* CryptoSphereUITests.swift in Sources */,
			);
			runOnlyForDeploymentPostprocessing = 0;
		};
/* End PBXSourcesBuildPhase section */

/* Begin PBXTargetDependency section */
		DFB1E8BE2B1506360076008E /* PBXTargetDependency */ = {
			isa = PBXTargetDependency;
			target = DFB1E8AB2B1506350076008E /* CryptoSphere */;
			targetProxy = DFB1E8BD2B1506360076008E /* PBXContainerItemProxy */;
		};
		DFB1E8C82B1506360076008E /* PBXTargetDependency */ = {
			isa = PBXTargetDependency;
			target = DFB1E8AB2B1506350076008E /* CryptoSphere */;
			targetProxy = DFB1E8C72B1506360076008E /* PBXContainerItemProxy */;
		};
/* End PBXTargetDependency section */

/* Begin XCBuildConfiguration section */
		DFB1E8CE2B1506360076008E /* Debug */ = {
			isa = XCBuildConfiguration;
			buildSettings = {
				ALWAYS_SEARCH_USER_PATHS = NO;
				ASSETCATALOG_COMPILER_GENERATE_SWIFT_ASSET_SYMBOL_EXTENSIONS = YES;
				CLANG_ANALYZER_NONNULL = YES;
				CLANG_ANALYZER_NUMBER_OBJECT_CONVERSION = YES_AGGRESSIVE;
				CLANG_CXX_LANGUAGE_STANDARD = "gnu++20";
				CLANG_ENABLE_MODULES = YES;
				CLANG_ENABLE_OBJC_ARC = YES;
				CLANG_ENABLE_OBJC_WEAK = YES;
				CLANG_WARN_BLOCK_CAPTURE_AUTORELEASING = YES;
				CLANG_WARN_BOOL_CONVERSION = YES;
				CLANG_WARN_COMMA = YES;
				CLANG_WARN_CONSTANT_CONVERSION = YES;
				CLANG_WARN_DEPRECATED_OBJC_IMPLEMENTATIONS = YES;
				CLANG_WARN_DIRECT_OBJC_ISA_USAGE = YES_ERROR;
				CLANG_WARN_DOCUMENTATION_COMMENTS = YES;
				CLANG_WARN_EMPTY_BODY = YES;
				CLANG_WARN_ENUM_CONVERSION = YES;
				CLANG_WARN_INFINITE_RECURSION = YES;
				CLANG_WARN_INT_CONVERSION = YES;
				CLANG_WARN_NON_LITERAL_NULL_CONVERSION = YES;
				CLANG_WARN_OBJC_IMPLICIT_RETAIN_SELF = YES;
				CLANG_WARN_OBJC_LITERAL_CONVERSION = YES;
				CLANG_WARN_OBJC_ROOT_CLASS = YES_ERROR;
				CLANG_WARN_QUOTED_INCLUDE_IN_FRAMEWORK_HEADER = YES;
				CLANG_WARN_RANGE_LOOP_ANALYSIS = YES;
				CLANG_WARN_STRICT_PROTOTYPES = YES;
				CLANG_WARN_SUSPICIOUS_MOVE = YES;
				CLANG_WARN_UNGUARDED_AVAILABILITY = YES_AGGRESSIVE;
				CLANG_WARN_UNREACHABLE_CODE = YES;
				CLANG_WARN__DUPLICATE_METHOD_MATCH = YES;
				COPY_PHASE_STRIP = NO;
				DEBUG_INFORMATION_FORMAT = dwarf;
				ENABLE_STRICT_OBJC_MSGSEND = YES;
				ENABLE_TESTABILITY = YES;
				ENABLE_USER_SCRIPT_SANDBOXING = YES;
				GCC_C_LANGUAGE_STANDARD = gnu17;
				GCC_DYNAMIC_NO_PIC = NO;
				GCC_NO_COMMON_BLOCKS = YES;
				GCC_OPTIMIZATION_LEVEL = 0;
				GCC_PREPROCESSOR_DEFINITIONS = (
					"DEBUG=1",
					"$(inherited)",
				);
				GCC_WARN_64_TO_32_BIT_CONVERSION = YES;
				GCC_WARN_ABOUT_RETURN_TYPE = YES_ERROR;
				GCC_WARN_UNDECLARED_SELECTOR = YES;
				GCC_WARN_UNINITIALIZED_AUTOS = YES_AGGRESSIVE;
				GCC_WARN_UNUSED_FUNCTION = YES;
				GCC_WARN_UNUSED_VARIABLE = YES;
				IPHONEOS_DEPLOYMENT_TARGET = 17.0;
				LOCALIZATION_PREFERS_STRING_CATALOGS = YES;
				MTL_ENABLE_DEBUG_INFO = INCLUDE_SOURCE;
				MTL_FAST_MATH = YES;
				ONLY_ACTIVE_ARCH = YES;
				SDKROOT = iphoneos;
				SWIFT_ACTIVE_COMPILATION_CONDITIONS = "DEBUG $(inherited)";
				SWIFT_OPTIMIZATION_LEVEL = "-Onone";
			};
			name = Debug;
		};
		DFB1E8CF2B1506360076008E /* Release */ = {
			isa = XCBuildConfiguration;
			buildSettings = {
				ALWAYS_SEARCH_USER_PATHS = NO;
				ASSETCATALOG_COMPILER_GENERATE_SWIFT_ASSET_SYMBOL_EXTENSIONS = YES;
				CLANG_ANALYZER_NONNULL = YES;
				CLANG_ANALYZER_NUMBER_OBJECT_CONVERSION = YES_AGGRESSIVE;
				CLANG_CXX_LANGUAGE_STANDARD = "gnu++20";
				CLANG_ENABLE_MODULES = YES;
				CLANG_ENABLE_OBJC_ARC = YES;
				CLANG_ENABLE_OBJC_WEAK = YES;
				CLANG_WARN_BLOCK_CAPTURE_AUTORELEASING = YES;
				CLANG_WARN_BOOL_CONVERSION = YES;
				CLANG_WARN_COMMA = YES;
				CLANG_WARN_CONSTANT_CONVERSION = YES;
				CLANG_WARN_DEPRECATED_OBJC_IMPLEMENTATIONS = YES;
				CLANG_WARN_DIRECT_OBJC_ISA_USAGE = YES_ERROR;
				CLANG_WARN_DOCUMENTATION_COMMENTS = YES;
				CLANG_WARN_EMPTY_BODY = YES;
				CLANG_WARN_ENUM_CONVERSION = YES;
				CLANG_WARN_INFINITE_RECURSION = YES;
				CLANG_WARN_INT_CONVERSION = YES;
				CLANG_WARN_NON_LITERAL_NULL_CONVERSION = YES;
				CLANG_WARN_OBJC_IMPLICIT_RETAIN_SELF = YES;
				CLANG_WARN_OBJC_LITERAL_CONVERSION = YES;
				CLANG_WARN_OBJC_ROOT_CLASS = YES_ERROR;
				CLANG_WARN_QUOTED_INCLUDE_IN_FRAMEWORK_HEADER = YES;
				CLANG_WARN_RANGE_LOOP_ANALYSIS = YES;
				CLANG_WARN_STRICT_PROTOTYPES = YES;
				CLANG_WARN_SUSPICIOUS_MOVE = YES;
				CLANG_WARN_UNGUARDED_AVAILABILITY = YES_AGGRESSIVE;
				CLANG_WARN_UNREACHABLE_CODE = YES;
				CLANG_WARN__DUPLICATE_METHOD_MATCH = YES;
				COPY_PHASE_STRIP = NO;
				DEBUG_INFORMATION_FORMAT = "dwarf-with-dsym";
				ENABLE_NS_ASSERTIONS = NO;
				ENABLE_STRICT_OBJC_MSGSEND = YES;
				ENABLE_USER_SCRIPT_SANDBOXING = YES;
				GCC_C_LANGUAGE_STANDARD = gnu17;
				GCC_NO_COMMON_BLOCKS = YES;
				GCC_WARN_64_TO_32_BIT_CONVERSION = YES;
				GCC_WARN_ABOUT_RETURN_TYPE = YES_ERROR;
				GCC_WARN_UNDECLARED_SELECTOR = YES;
				GCC_WARN_UNINITIALIZED_AUTOS = YES_AGGRESSIVE;
				GCC_WARN_UNUSED_FUNCTION = YES;
				GCC_WARN_UNUSED_VARIABLE = YES;
				IPHONEOS_DEPLOYMENT_TARGET = 17.0;
				LOCALIZATION_PREFERS_STRING_CATALOGS = YES;
				MTL_ENABLE_DEBUG_INFO = NO;
				MTL_FAST_MATH = YES;
				SDKROOT = iphoneos;
				SWIFT_COMPILATION_MODE = wholemodule;
				VALIDATE_PRODUCT = YES;
			};
			name = Release;
		};
		DFB1E8D12B1506360076008E /* Debug */ = {
			isa = XCBuildConfiguration;
			buildSettings = {
				ASSETCATALOG_COMPILER_APPICON_NAME = AppIcon;
				ASSETCATALOG_COMPILER_GLOBAL_ACCENT_COLOR_NAME = AccentColor;
				CODE_SIGN_STYLE = Automatic;
				CURRENT_PROJECT_VERSION = 1;
				DEVELOPMENT_ASSET_PATHS = "";
				DEVELOPMENT_TEAM = 3PC4MSN8T7;
				ENABLE_PREVIEWS = YES;
				GENERATE_INFOPLIST_FILE = YES;
				INFOPLIST_KEY_UIApplicationSceneManifest_Generation = YES;
				INFOPLIST_KEY_UIApplicationSupportsIndirectInputEvents = YES;
				INFOPLIST_KEY_UILaunchScreen_Generation = YES;
				INFOPLIST_KEY_UISupportedInterfaceOrientations_iPad = "UIInterfaceOrientationPortrait UIInterfaceOrientationPortraitUpsideDown UIInterfaceOrientationLandscapeLeft UIInterfaceOrientationLandscapeRight";
				INFOPLIST_KEY_UISupportedInterfaceOrientations_iPhone = "UIInterfaceOrientationPortrait UIInterfaceOrientationLandscapeLeft UIInterfaceOrientationLandscapeRight";
				INFOPLIST_KEY_UIUserInterfaceStyle = Dark;
				LD_RUNPATH_SEARCH_PATHS = (
					"$(inherited)",
					"@executable_path/Frameworks",
				);
				MARKETING_VERSION = 1.0;
				PRODUCT_BUNDLE_IDENTIFIER = br.com.yago.CryptoSphere;
				PRODUCT_NAME = "$(TARGET_NAME)";
				SWIFT_EMIT_LOC_STRINGS = YES;
				SWIFT_VERSION = 5.0;
				TARGETED_DEVICE_FAMILY = "1,2";
			};
			name = Debug;
		};
		DFB1E8D22B1506360076008E /* Release */ = {
			isa = XCBuildConfiguration;
			buildSettings = {
				ASSETCATALOG_COMPILER_APPICON_NAME = AppIcon;
				ASSETCATALOG_COMPILER_GLOBAL_ACCENT_COLOR_NAME = AccentColor;
				CODE_SIGN_STYLE = Automatic;
				CURRENT_PROJECT_VERSION = 1;
				DEVELOPMENT_ASSET_PATHS = "";
				DEVELOPMENT_TEAM = 3PC4MSN8T7;
				ENABLE_PREVIEWS = YES;
				GENERATE_INFOPLIST_FILE = YES;
				INFOPLIST_KEY_UIApplicationSceneManifest_Generation = YES;
				INFOPLIST_KEY_UIApplicationSupportsIndirectInputEvents = YES;
				INFOPLIST_KEY_UILaunchScreen_Generation = YES;
				INFOPLIST_KEY_UISupportedInterfaceOrientations_iPad = "UIInterfaceOrientationPortrait UIInterfaceOrientationPortraitUpsideDown UIInterfaceOrientationLandscapeLeft UIInterfaceOrientationLandscapeRight";
				INFOPLIST_KEY_UISupportedInterfaceOrientations_iPhone = "UIInterfaceOrientationPortrait UIInterfaceOrientationLandscapeLeft UIInterfaceOrientationLandscapeRight";
				INFOPLIST_KEY_UIUserInterfaceStyle = Dark;
				LD_RUNPATH_SEARCH_PATHS = (
					"$(inherited)",
					"@executable_path/Frameworks",
				);
				MARKETING_VERSION = 1.0;
				PRODUCT_BUNDLE_IDENTIFIER = br.com.yago.CryptoSphere;
				PRODUCT_NAME = "$(TARGET_NAME)";
				SWIFT_EMIT_LOC_STRINGS = YES;
				SWIFT_VERSION = 5.0;
				TARGETED_DEVICE_FAMILY = "1,2";
			};
			name = Release;
		};
		DFB1E8D42B1506360076008E /* Debug */ = {
			isa = XCBuildConfiguration;
			buildSettings = {
				ALWAYS_EMBED_SWIFT_STANDARD_LIBRARIES = YES;
				BUNDLE_LOADER = "$(TEST_HOST)";
				CODE_SIGN_STYLE = Automatic;
				CURRENT_PROJECT_VERSION = 1;
				DEVELOPMENT_TEAM = 3PC4MSN8T7;
				GENERATE_INFOPLIST_FILE = YES;
				IPHONEOS_DEPLOYMENT_TARGET = 17.0;
				MARKETING_VERSION = 1.0;
				PRODUCT_BUNDLE_IDENTIFIER = br.com.yago.CryptoSphereTests;
				PRODUCT_NAME = "$(TARGET_NAME)";
				SWIFT_EMIT_LOC_STRINGS = NO;
				SWIFT_VERSION = 5.0;
				TARGETED_DEVICE_FAMILY = "1,2";
				TEST_HOST = "$(BUILT_PRODUCTS_DIR)/CryptoSphere.app/$(BUNDLE_EXECUTABLE_FOLDER_PATH)/CryptoSphere";
			};
			name = Debug;
		};
		DFB1E8D52B1506360076008E /* Release */ = {
			isa = XCBuildConfiguration;
			buildSettings = {
				ALWAYS_EMBED_SWIFT_STANDARD_LIBRARIES = YES;
				BUNDLE_LOADER = "$(TEST_HOST)";
				CODE_SIGN_STYLE = Automatic;
				CURRENT_PROJECT_VERSION = 1;
				DEVELOPMENT_TEAM = 3PC4MSN8T7;
				GENERATE_INFOPLIST_FILE = YES;
				IPHONEOS_DEPLOYMENT_TARGET = 17.0;
				MARKETING_VERSION = 1.0;
				PRODUCT_BUNDLE_IDENTIFIER = br.com.yago.CryptoSphereTests;
				PRODUCT_NAME = "$(TARGET_NAME)";
				SWIFT_EMIT_LOC_STRINGS = NO;
				SWIFT_VERSION = 5.0;
				TARGETED_DEVICE_FAMILY = "1,2";
				TEST_HOST = "$(BUILT_PRODUCTS_DIR)/CryptoSphere.app/$(BUNDLE_EXECUTABLE_FOLDER_PATH)/CryptoSphere";
			};
			name = Release;
		};
		DFB1E8D72B1506360076008E /* Debug */ = {
			isa = XCBuildConfiguration;
			buildSettings = {
				ALWAYS_EMBED_SWIFT_STANDARD_LIBRARIES = YES;
				CODE_SIGN_STYLE = Automatic;
				CURRENT_PROJECT_VERSION = 1;
				DEVELOPMENT_TEAM = 3PC4MSN8T7;
				GENERATE_INFOPLIST_FILE = YES;
				MARKETING_VERSION = 1.0;
				PRODUCT_BUNDLE_IDENTIFIER = br.com.yago.CryptoSphereUITests;
				PRODUCT_NAME = "$(TARGET_NAME)";
				SWIFT_EMIT_LOC_STRINGS = NO;
				SWIFT_VERSION = 5.0;
				TARGETED_DEVICE_FAMILY = "1,2";
				TEST_TARGET_NAME = CryptoSphere;
			};
			name = Debug;
		};
		DFB1E8D82B1506360076008E /* Release */ = {
			isa = XCBuildConfiguration;
			buildSettings = {
				ALWAYS_EMBED_SWIFT_STANDARD_LIBRARIES = YES;
				CODE_SIGN_STYLE = Automatic;
				CURRENT_PROJECT_VERSION = 1;
				DEVELOPMENT_TEAM = 3PC4MSN8T7;
				GENERATE_INFOPLIST_FILE = YES;
				MARKETING_VERSION = 1.0;
				PRODUCT_BUNDLE_IDENTIFIER = br.com.yago.CryptoSphereUITests;
				PRODUCT_NAME = "$(TARGET_NAME)";
				SWIFT_EMIT_LOC_STRINGS = NO;
				SWIFT_VERSION = 5.0;
				TARGETED_DEVICE_FAMILY = "1,2";
				TEST_TARGET_NAME = CryptoSphere;
			};
			name = Release;
		};
/* End XCBuildConfiguration section */

/* Begin XCConfigurationList section */
		DFB1E8A72B1506350076008E /* Build configuration list for PBXProject "CryptoSphere" */ = {
			isa = XCConfigurationList;
			buildConfigurations = (
				DFB1E8CE2B1506360076008E /* Debug */,
				DFB1E8CF2B1506360076008E /* Release */,
			);
			defaultConfigurationIsVisible = 0;
			defaultConfigurationName = Release;
		};
		DFB1E8D02B1506360076008E /* Build configuration list for PBXNativeTarget "CryptoSphere" */ = {
			isa = XCConfigurationList;
			buildConfigurations = (
				DFB1E8D12B1506360076008E /* Debug */,
				DFB1E8D22B1506360076008E /* Release */,
			);
			defaultConfigurationIsVisible = 0;
			defaultConfigurationName = Release;
		};
		DFB1E8D32B1506360076008E /* Build configuration list for PBXNativeTarget "CryptoSphereTests" */ = {
			isa = XCConfigurationList;
			buildConfigurations = (
				DFB1E8D42B1506360076008E /* Debug */,
				DFB1E8D52B1506360076008E /* Release */,
			);
			defaultConfigurationIsVisible = 0;
			defaultConfigurationName = Release;
		};
		DFB1E8D62B1506360076008E /* Build configuration list for PBXNativeTarget "CryptoSphereUITests" */ = {
			isa = XCConfigurationList;
			buildConfigurations = (
				DFB1E8D72B1506360076008E /* Debug */,
				DFB1E8D82B1506360076008E /* Release */,
			);
			defaultConfigurationIsVisible = 0;
			defaultConfigurationName = Release;
		};
/* End XCConfigurationList section */

/* Begin XCRemoteSwiftPackageReference section */
		DFB1E8DF2B150B5F0076008E /* XCRemoteSwiftPackageReference "swift-composable-architecture" */ = {
			isa = XCRemoteSwiftPackageReference;
			repositoryURL = "https://github.com/pointfreeco/swift-composable-architecture";
			requirement = {
				kind = upToNextMajorVersion;
				minimumVersion = 1.5.0;
			};
		};
/* End XCRemoteSwiftPackageReference section */

/* Begin XCSwiftPackageProductDependency section */
		DFB1E8E02B150B5F0076008E /* ComposableArchitecture */ = {
			isa = XCSwiftPackageProductDependency;
			package = DFB1E8DF2B150B5F0076008E /* XCRemoteSwiftPackageReference "swift-composable-architecture" */;
			productName = ComposableArchitecture;
		};
/* End XCSwiftPackageProductDependency section */

/* Begin XCVersionGroup section */
		DFB1E9212B16499D0076008E /* CoinCache.xcdatamodeld */ = {
			isa = XCVersionGroup;
			children = (
				DFB1E9222B16499D0076008E /* CoinCache.xcdatamodel */,
			);
			currentVersion = DFB1E9222B16499D0076008E /* CoinCache.xcdatamodel */;
			path = CoinCache.xcdatamodeld;
			sourceTree = "<group>";
			versionGroupType = wrapper.xcdatamodel;
		};
/* End XCVersionGroup section */
	};
	rootObject = DFB1E8A42B1506350076008E /* Project object */;
}
