// !$*UTF8*$!
{
	archiveVersion = 1;
	classes = {
	};
	objectVersion = 56;
	objects = {

/* Begin PBXBuildFile section */
		DFA20ABC2B1660AB00A66663 /* CoinRepository.swift in Sources */ = {isa = PBXBuildFile; fileRef = DFA20ABB2B1660AB00A66663 /* CoinRepository.swift */; };
		DFA20ABE2B1660CD00A66663 /* CacheVersionRepository.swift in Sources */ = {isa = PBXBuildFile; fileRef = DFA20ABD2B1660CD00A66663 /* CacheVersionRepository.swift */; };
		DFA20AC02B16672600A66663 /* ListCoinsComposer.swift in Sources */ = {isa = PBXBuildFile; fileRef = DFA20ABF2B16672600A66663 /* ListCoinsComposer.swift */; };
		DFA20AC52B16A37D00A66663 /* InternetErrorView.swift in Sources */ = {isa = PBXBuildFile; fileRef = DFA20AC42B16A37D00A66663 /* InternetErrorView.swift */; };
		DFA20AC92B16A42300A66663 /* Components.swift in Sources */ = {isa = PBXBuildFile; fileRef = DFA20AC82B16A42300A66663 /* Components.swift */; };
		DFA20ACF2B16C8CD00A66663 /* WalletFeature.swift in Sources */ = {isa = PBXBuildFile; fileRef = DFA20ACE2B16C8CD00A66663 /* WalletFeature.swift */; };
		DFA20AD22B16CA1200A66663 /* WalletView.swift in Sources */ = {isa = PBXBuildFile; fileRef = DFA20AD12B16CA1200A66663 /* WalletView.swift */; };
		DFA20AD42B16CAFF00A66663 /* WalletComposer.swift in Sources */ = {isa = PBXBuildFile; fileRef = DFA20AD32B16CAFF00A66663 /* WalletComposer.swift */; };
		DFA20AD92B16CE5000A66663 /* RootView.swift in Sources */ = {isa = PBXBuildFile; fileRef = DFA20AD82B16CE5000A66663 /* RootView.swift */; };
		DFA20ADE2B17619F00A66663 /* DisplayedCoin.swift in Sources */ = {isa = PBXBuildFile; fileRef = DFA20ADD2B17619F00A66663 /* DisplayedCoin.swift */; };
		DFA20AE02B176FE700A66663 /* ListCoinsFallback.swift in Sources */ = {isa = PBXBuildFile; fileRef = DFA20ADF2B176FE700A66663 /* ListCoinsFallback.swift */; };
		DFA20AE22B1777E000A66663 /* DisplayedWallet.swift in Sources */ = {isa = PBXBuildFile; fileRef = DFA20AE12B1777E000A66663 /* DisplayedWallet.swift */; };
		DFA20AE42B17B0BF00A66663 /* WalletCard.swift in Sources */ = {isa = PBXBuildFile; fileRef = DFA20AE32B17B0BF00A66663 /* WalletCard.swift */; };
		DFA20AE72B17B47400A66663 /* CoinPickerView.swift in Sources */ = {isa = PBXBuildFile; fileRef = DFA20AE62B17B47400A66663 /* CoinPickerView.swift */; };
		DFA20AEA2B17B6B900A66663 /* CoinPickerComposer.swift in Sources */ = {isa = PBXBuildFile; fileRef = DFA20AE92B17B6B900A66663 /* CoinPickerComposer.swift */; };
		DFA20AED2B17F26C00A66663 /* WalletManagerView.swift in Sources */ = {isa = PBXBuildFile; fileRef = DFA20AEC2B17F26C00A66663 /* WalletManagerView.swift */; };
		DFA20AEF2B17F2B400A66663 /* WalletManagerComposer.swift in Sources */ = {isa = PBXBuildFile; fileRef = DFA20AEE2B17F2B400A66663 /* WalletManagerComposer.swift */; };
		DFA20AF22B1904D700A66663 /* WalletIconPicker.swift in Sources */ = {isa = PBXBuildFile; fileRef = DFA20AF12B1904D700A66663 /* WalletIconPicker.swift */; };
		DFA20AF42B19055800A66663 /* IconGallery.swift in Sources */ = {isa = PBXBuildFile; fileRef = DFA20AF32B19055800A66663 /* IconGallery.swift */; };
		DFA20AF62B190B6D00A66663 /* TextPicker.swift in Sources */ = {isa = PBXBuildFile; fileRef = DFA20AF52B190B6D00A66663 /* TextPicker.swift */; };
		DFA20AF82B194EB900A66663 /* WalletManagerViewModel.swift in Sources */ = {isa = PBXBuildFile; fileRef = DFA20AF72B194EB900A66663 /* WalletManagerViewModel.swift */; };
		DFA20AFB2B19707D00A66663 /* OnboardingView.swift in Sources */ = {isa = PBXBuildFile; fileRef = DFA20AFA2B19707D00A66663 /* OnboardingView.swift */; };
		DFA20AFE2B19767600A66663 /* KeychainDomain.swift in Sources */ = {isa = PBXBuildFile; fileRef = DFA20AFD2B19767600A66663 /* KeychainDomain.swift */; };
		DFA20B002B197A2100A66663 /* TokenWorker.swift in Sources */ = {isa = PBXBuildFile; fileRef = DFA20AFF2B197A2100A66663 /* TokenWorker.swift */; };
		DFB1E8B02B1506350076008E /* CryptoSphereApp.swift in Sources */ = {isa = PBXBuildFile; fileRef = DFB1E8AF2B1506350076008E /* CryptoSphereApp.swift */; };
		DFB1E8B22B1506350076008E /* ListCoinsView.swift in Sources */ = {isa = PBXBuildFile; fileRef = DFB1E8B12B1506350076008E /* ListCoinsView.swift */; };
		DFB1E8B42B1506360076008E /* Assets.xcassets in Resources */ = {isa = PBXBuildFile; fileRef = DFB1E8B32B1506360076008E /* Assets.xcassets */; };
		DFB1E8DD2B150AAB0076008E /* ListCoinsFeature.swift in Sources */ = {isa = PBXBuildFile; fileRef = DFB1E8DC2B150AAB0076008E /* ListCoinsFeature.swift */; };
		DFB1E8E12B150B5F0076008E /* ComposableArchitecture in Frameworks */ = {isa = PBXBuildFile; productRef = DFB1E8E02B150B5F0076008E /* ComposableArchitecture */; };
		DFB1E8EC2B1522350076008E /* APICallError.swift in Sources */ = {isa = PBXBuildFile; fileRef = DFB1E8EB2B1522350076008E /* APICallError.swift */; };
		DFB1E8EE2B1522480076008E /* URLSessionHTTPClient.swift in Sources */ = {isa = PBXBuildFile; fileRef = DFB1E8ED2B1522480076008E /* URLSessionHTTPClient.swift */; };
		DFB1E8F12B1522C20076008E /* HTTPClientProtocol.swift in Sources */ = {isa = PBXBuildFile; fileRef = DFB1E8F02B1522C20076008E /* HTTPClientProtocol.swift */; };
		DFB1E8F32B1522FB0076008E /* EndpointProtocol.swift in Sources */ = {isa = PBXBuildFile; fileRef = DFB1E8F22B1522FB0076008E /* EndpointProtocol.swift */; };
		DFB1E8F92B15244F0076008E /* RemoteCoin.swift in Sources */ = {isa = PBXBuildFile; fileRef = DFB1E8F82B15244F0076008E /* RemoteCoin.swift */; };
		DFB1E8FD2B15276D0076008E /* CoinLoader.swift in Sources */ = {isa = PBXBuildFile; fileRef = DFB1E8FC2B15276D0076008E /* CoinLoader.swift */; };
		DFB1E9002B152AD90076008E /* Coin.swift in Sources */ = {isa = PBXBuildFile; fileRef = DFB1E8FF2B152AD90076008E /* Coin.swift */; };
		DFB1E9032B152C6F0076008E /* RemoteCoinLoaderService.swift in Sources */ = {isa = PBXBuildFile; fileRef = DFB1E9022B152C6F0076008E /* RemoteCoinLoaderService.swift */; };
		DFB1E9052B152DEB0076008E /* CoinMapper.swift in Sources */ = {isa = PBXBuildFile; fileRef = DFB1E9042B152DEB0076008E /* CoinMapper.swift */; };
		DFB1E90C2B16197C0076008E /* DesignSystem.swift in Sources */ = {isa = PBXBuildFile; fileRef = DFB1E90B2B16197C0076008E /* DesignSystem.swift */; };
		DFB1E90E2B1619B40076008E /* Backgrounds.swift in Sources */ = {isa = PBXBuildFile; fileRef = DFB1E90D2B1619B40076008E /* Backgrounds.swift */; };
		DFB1E9102B1619CD0076008E /* FontColors.swift in Sources */ = {isa = PBXBuildFile; fileRef = DFB1E90F2B1619CD0076008E /* FontColors.swift */; };
		DFB1E9132B161DE80076008E /* CoinCard.swift in Sources */ = {isa = PBXBuildFile; fileRef = DFB1E9122B161DE80076008E /* CoinCard.swift */; };
		DFB1E9152B162A550076008E /* CoinGeckoEndpoint.swift in Sources */ = {isa = PBXBuildFile; fileRef = DFB1E9142B162A550076008E /* CoinGeckoEndpoint.swift */; };
		DFB1E9172B162DBD0076008E /* RemoteDollarExchange.swift in Sources */ = {isa = PBXBuildFile; fileRef = DFB1E9162B162DBD0076008E /* RemoteDollarExchange.swift */; };
		DFB1E9192B1635220076008E /* String+.swift in Sources */ = {isa = PBXBuildFile; fileRef = DFB1E9182B1635220076008E /* String+.swift */; };
		DFB1E91B2B163E430076008E /* CoinCache.swift in Sources */ = {isa = PBXBuildFile; fileRef = DFB1E91A2B163E430076008E /* CoinCache.swift */; };
		DFB1E91E2B16410E0076008E /* CoinCacheManager.swift in Sources */ = {isa = PBXBuildFile; fileRef = DFB1E91D2B16410E0076008E /* CoinCacheManager.swift */; };
		DFB1E9232B16499D0076008E /* CoinCache.xcdatamodeld in Sources */ = {isa = PBXBuildFile; fileRef = DFB1E9212B16499D0076008E /* CoinCache.xcdatamodeld */; };
		DFB1E9252B1655020076008E /* Persistence.swift in Sources */ = {isa = PBXBuildFile; fileRef = DFB1E9242B1655020076008E /* Persistence.swift */; };
		DFB1E9272B1655CC0076008E /* CoredataPersistanceManager.swift in Sources */ = {isa = PBXBuildFile; fileRef = DFB1E9262B1655CC0076008E /* CoredataPersistanceManager.swift */; };
		DFD294112B197D6200DC1D12 /* RegisterToken.swift in Sources */ = {isa = PBXBuildFile; fileRef = DFD294102B197D6200DC1D12 /* RegisterToken.swift */; };
		DFD294192B19FC9400DC1D12 /* UserPreferencesWorker.swift in Sources */ = {isa = PBXBuildFile; fileRef = DFD294182B19FC9400DC1D12 /* UserPreferencesWorker.swift */; };
		DFD2941B2B19FE0F00DC1D12 /* RegisterFirstUserAccess.swift in Sources */ = {isa = PBXBuildFile; fileRef = DFD2941A2B19FE0F00DC1D12 /* RegisterFirstUserAccess.swift */; };
		DFD2941E2B19FEA400DC1D12 /* VerifyUserFirstAccess.swift in Sources */ = {isa = PBXBuildFile; fileRef = DFD2941D2B19FEA400DC1D12 /* VerifyUserFirstAccess.swift */; };
		DFD294222B1A02AF00DC1D12 /* RootComposer.swift in Sources */ = {isa = PBXBuildFile; fileRef = DFD294212B1A02AF00DC1D12 /* RootComposer.swift */; };
		DFD294242B1A150900DC1D12 /* RootFeature.swift in Sources */ = {isa = PBXBuildFile; fileRef = DFD294232B1A150900DC1D12 /* RootFeature.swift */; };
		DFD294262B1A192100DC1D12 /* OnboardingViewModel.swift in Sources */ = {isa = PBXBuildFile; fileRef = DFD294252B1A192100DC1D12 /* OnboardingViewModel.swift */; };
		DFD294282B1A1B1700DC1D12 /* OnboardingComposer.swift in Sources */ = {isa = PBXBuildFile; fileRef = DFD294272B1A1B1700DC1D12 /* OnboardingComposer.swift */; };
		DFD2942A2B1B68F400DC1D12 /* GoogleService-Info.plist in Resources */ = {isa = PBXBuildFile; fileRef = DFD294292B1B68F400DC1D12 /* GoogleService-Info.plist */; };
		DFD2942D2B1B699A00DC1D12 /* FirebaseFirestore in Frameworks */ = {isa = PBXBuildFile; productRef = DFD2942C2B1B699A00DC1D12 /* FirebaseFirestore */; };
		DFD294322B1B73B300DC1D12 /* RemoteDatabase.swift in Sources */ = {isa = PBXBuildFile; fileRef = DFD294312B1B73B300DC1D12 /* RemoteDatabase.swift */; };
		DFD294362B1B749800DC1D12 /* Wallet.swift in Sources */ = {isa = PBXBuildFile; fileRef = DFD294352B1B749800DC1D12 /* Wallet.swift */; };
		DFD294382B1B75E700DC1D12 /* WalletMapper.swift in Sources */ = {isa = PBXBuildFile; fileRef = DFD294372B1B75E700DC1D12 /* WalletMapper.swift */; };
		DFD2943A2B1B97BC00DC1D12 /* FetchWallets.swift in Sources */ = {isa = PBXBuildFile; fileRef = DFD294392B1B97BC00DC1D12 /* FetchWallets.swift */; };
		DFD2943C2B1B97D200DC1D12 /* CreateWallet.swift in Sources */ = {isa = PBXBuildFile; fileRef = DFD2943B2B1B97D200DC1D12 /* CreateWallet.swift */; };
		DFD2943E2B1B97DC00DC1D12 /* UpdateWallet.swift in Sources */ = {isa = PBXBuildFile; fileRef = DFD2943D2B1B97DC00DC1D12 /* UpdateWallet.swift */; };
		DFD294402B1B97E900DC1D12 /* DeleteWallet.swift in Sources */ = {isa = PBXBuildFile; fileRef = DFD2943F2B1B97E900DC1D12 /* DeleteWallet.swift */; };
		DFD294422B1BABA200DC1D12 /* CoinPickerViewModel.swift in Sources */ = {isa = PBXBuildFile; fileRef = DFD294412B1BABA200DC1D12 /* CoinPickerViewModel.swift */; };
		DFD294442B1BC1CD00DC1D12 /* CoinManageRow.swift in Sources */ = {isa = PBXBuildFile; fileRef = DFD294432B1BC1CD00DC1D12 /* CoinManageRow.swift */; };
		DFD294462B1CBAFA00DC1D12 /* WalletSeeDetail.swift in Sources */ = {isa = PBXBuildFile; fileRef = DFD294452B1CBAFA00DC1D12 /* WalletSeeDetail.swift */; };
		DFD294492B1CD11000DC1D12 /* InternetVerifier.swift in Sources */ = {isa = PBXBuildFile; fileRef = DFD294482B1CD11000DC1D12 /* InternetVerifier.swift */; };
		DFD2944D2B1D00F900DC1D12 /* WalletTests.swift in Sources */ = {isa = PBXBuildFile; fileRef = DFD2944C2B1D00F900DC1D12 /* WalletTests.swift */; };
		DFD2944F2B1D02F600DC1D12 /* WalletFeatureUseCasesStub.swift in Sources */ = {isa = PBXBuildFile; fileRef = DFD2944E2B1D02F600DC1D12 /* WalletFeatureUseCasesStub.swift */; };
		DFD294512B1D0C8700DC1D12 /* VerifyConnection.swift in Sources */ = {isa = PBXBuildFile; fileRef = DFD294502B1D0C8700DC1D12 /* VerifyConnection.swift */; };
		DFD294542B1D0DFF00DC1D12 /* InternetVerifierMock.swift in Sources */ = {isa = PBXBuildFile; fileRef = DFD294532B1D0DFF00DC1D12 /* InternetVerifierMock.swift */; };
		DFD294572B1D27B600DC1D12 /* ListCoinsTests.swift in Sources */ = {isa = PBXBuildFile; fileRef = DFD294562B1D27B600DC1D12 /* ListCoinsTests.swift */; };
		DFD2945A2B1D289B00DC1D12 /* ListCoinsFallbackMock.swift in Sources */ = {isa = PBXBuildFile; fileRef = DFD294592B1D289B00DC1D12 /* ListCoinsFallbackMock.swift */; };
		DFD2945D2B1D333600DC1D12 /* RootTests.swift in Sources */ = {isa = PBXBuildFile; fileRef = DFD2945C2B1D333600DC1D12 /* RootTests.swift */; };
		DFD294602B1D336200DC1D12 /* RootUseCasesMock.swift in Sources */ = {isa = PBXBuildFile; fileRef = DFD2945F2B1D336200DC1D12 /* RootUseCasesMock.swift */; };
/* End PBXBuildFile section */

/* Begin PBXContainerItemProxy section */
		DFB1E8BD2B1506360076008E /* PBXContainerItemProxy */ = {
			isa = PBXContainerItemProxy;
			containerPortal = DFB1E8A42B1506350076008E /* Project object */;
			proxyType = 1;
			remoteGlobalIDString = DFB1E8AB2B1506350076008E;
			remoteInfo = CryptoSphere;
		};
/* End PBXContainerItemProxy section */

/* Begin PBXFileReference section */
		DFA20ABB2B1660AB00A66663 /* CoinRepository.swift */ = {isa = PBXFileReference; lastKnownFileType = sourcecode.swift; path = CoinRepository.swift; sourceTree = "<group>"; };
		DFA20ABD2B1660CD00A66663 /* CacheVersionRepository.swift */ = {isa = PBXFileReference; lastKnownFileType = sourcecode.swift; path = CacheVersionRepository.swift; sourceTree = "<group>"; };
		DFA20ABF2B16672600A66663 /* ListCoinsComposer.swift */ = {isa = PBXFileReference; lastKnownFileType = sourcecode.swift; path = ListCoinsComposer.swift; sourceTree = "<group>"; };
		DFA20AC42B16A37D00A66663 /* InternetErrorView.swift */ = {isa = PBXFileReference; lastKnownFileType = sourcecode.swift; path = InternetErrorView.swift; sourceTree = "<group>"; };
		DFA20AC82B16A42300A66663 /* Components.swift */ = {isa = PBXFileReference; lastKnownFileType = sourcecode.swift; path = Components.swift; sourceTree = "<group>"; };
		DFA20ACE2B16C8CD00A66663 /* WalletFeature.swift */ = {isa = PBXFileReference; lastKnownFileType = sourcecode.swift; path = WalletFeature.swift; sourceTree = "<group>"; };
		DFA20AD12B16CA1200A66663 /* WalletView.swift */ = {isa = PBXFileReference; lastKnownFileType = sourcecode.swift; path = WalletView.swift; sourceTree = "<group>"; };
		DFA20AD32B16CAFF00A66663 /* WalletComposer.swift */ = {isa = PBXFileReference; lastKnownFileType = sourcecode.swift; path = WalletComposer.swift; sourceTree = "<group>"; };
		DFA20AD82B16CE5000A66663 /* RootView.swift */ = {isa = PBXFileReference; lastKnownFileType = sourcecode.swift; path = RootView.swift; sourceTree = "<group>"; };
		DFA20ADD2B17619F00A66663 /* DisplayedCoin.swift */ = {isa = PBXFileReference; lastKnownFileType = sourcecode.swift; path = DisplayedCoin.swift; sourceTree = "<group>"; };
		DFA20ADF2B176FE700A66663 /* ListCoinsFallback.swift */ = {isa = PBXFileReference; lastKnownFileType = sourcecode.swift; path = ListCoinsFallback.swift; sourceTree = "<group>"; };
		DFA20AE12B1777E000A66663 /* DisplayedWallet.swift */ = {isa = PBXFileReference; lastKnownFileType = sourcecode.swift; path = DisplayedWallet.swift; sourceTree = "<group>"; };
		DFA20AE32B17B0BF00A66663 /* WalletCard.swift */ = {isa = PBXFileReference; lastKnownFileType = sourcecode.swift; path = WalletCard.swift; sourceTree = "<group>"; };
		DFA20AE62B17B47400A66663 /* CoinPickerView.swift */ = {isa = PBXFileReference; lastKnownFileType = sourcecode.swift; path = CoinPickerView.swift; sourceTree = "<group>"; };
		DFA20AE92B17B6B900A66663 /* CoinPickerComposer.swift */ = {isa = PBXFileReference; lastKnownFileType = sourcecode.swift; path = CoinPickerComposer.swift; sourceTree = "<group>"; };
		DFA20AEC2B17F26C00A66663 /* WalletManagerView.swift */ = {isa = PBXFileReference; lastKnownFileType = sourcecode.swift; path = WalletManagerView.swift; sourceTree = "<group>"; };
		DFA20AEE2B17F2B400A66663 /* WalletManagerComposer.swift */ = {isa = PBXFileReference; lastKnownFileType = sourcecode.swift; path = WalletManagerComposer.swift; sourceTree = "<group>"; };
		DFA20AF12B1904D700A66663 /* WalletIconPicker.swift */ = {isa = PBXFileReference; lastKnownFileType = sourcecode.swift; path = WalletIconPicker.swift; sourceTree = "<group>"; };
		DFA20AF32B19055800A66663 /* IconGallery.swift */ = {isa = PBXFileReference; lastKnownFileType = sourcecode.swift; path = IconGallery.swift; sourceTree = "<group>"; };
		DFA20AF52B190B6D00A66663 /* TextPicker.swift */ = {isa = PBXFileReference; lastKnownFileType = sourcecode.swift; path = TextPicker.swift; sourceTree = "<group>"; };
		DFA20AF72B194EB900A66663 /* WalletManagerViewModel.swift */ = {isa = PBXFileReference; lastKnownFileType = sourcecode.swift; path = WalletManagerViewModel.swift; sourceTree = "<group>"; };
		DFA20AFA2B19707D00A66663 /* OnboardingView.swift */ = {isa = PBXFileReference; lastKnownFileType = sourcecode.swift; path = OnboardingView.swift; sourceTree = "<group>"; };
		DFA20AFD2B19767600A66663 /* KeychainDomain.swift */ = {isa = PBXFileReference; lastKnownFileType = sourcecode.swift; path = KeychainDomain.swift; sourceTree = "<group>"; };
		DFA20AFF2B197A2100A66663 /* TokenWorker.swift */ = {isa = PBXFileReference; lastKnownFileType = sourcecode.swift; path = TokenWorker.swift; sourceTree = "<group>"; };
		DFB1E8AC2B1506350076008E /* CryptoSphere.app */ = {isa = PBXFileReference; explicitFileType = wrapper.application; includeInIndex = 0; path = CryptoSphere.app; sourceTree = BUILT_PRODUCTS_DIR; };
		DFB1E8AF2B1506350076008E /* CryptoSphereApp.swift */ = {isa = PBXFileReference; lastKnownFileType = sourcecode.swift; path = CryptoSphereApp.swift; sourceTree = "<group>"; };
		DFB1E8B12B1506350076008E /* ListCoinsView.swift */ = {isa = PBXFileReference; lastKnownFileType = sourcecode.swift; path = ListCoinsView.swift; sourceTree = "<group>"; };
		DFB1E8B32B1506360076008E /* Assets.xcassets */ = {isa = PBXFileReference; lastKnownFileType = folder.assetcatalog; path = Assets.xcassets; sourceTree = "<group>"; };
		DFB1E8BC2B1506360076008E /* CryptoSphereTests.xctest */ = {isa = PBXFileReference; explicitFileType = wrapper.cfbundle; includeInIndex = 0; path = CryptoSphereTests.xctest; sourceTree = BUILT_PRODUCTS_DIR; };
		DFB1E8DC2B150AAB0076008E /* ListCoinsFeature.swift */ = {isa = PBXFileReference; lastKnownFileType = sourcecode.swift; path = ListCoinsFeature.swift; sourceTree = "<group>"; };
		DFB1E8EB2B1522350076008E /* APICallError.swift */ = {isa = PBXFileReference; lastKnownFileType = sourcecode.swift; path = APICallError.swift; sourceTree = "<group>"; };
		DFB1E8ED2B1522480076008E /* URLSessionHTTPClient.swift */ = {isa = PBXFileReference; lastKnownFileType = sourcecode.swift; path = URLSessionHTTPClient.swift; sourceTree = "<group>"; };
		DFB1E8F02B1522C20076008E /* HTTPClientProtocol.swift */ = {isa = PBXFileReference; lastKnownFileType = sourcecode.swift; path = HTTPClientProtocol.swift; sourceTree = "<group>"; };
		DFB1E8F22B1522FB0076008E /* EndpointProtocol.swift */ = {isa = PBXFileReference; lastKnownFileType = sourcecode.swift; path = EndpointProtocol.swift; sourceTree = "<group>"; };
		DFB1E8F82B15244F0076008E /* RemoteCoin.swift */ = {isa = PBXFileReference; lastKnownFileType = sourcecode.swift; path = RemoteCoin.swift; sourceTree = "<group>"; };
		DFB1E8FC2B15276D0076008E /* CoinLoader.swift */ = {isa = PBXFileReference; lastKnownFileType = sourcecode.swift; path = CoinLoader.swift; sourceTree = "<group>"; };
		DFB1E8FF2B152AD90076008E /* Coin.swift */ = {isa = PBXFileReference; lastKnownFileType = sourcecode.swift; path = Coin.swift; sourceTree = "<group>"; };
		DFB1E9022B152C6F0076008E /* RemoteCoinLoaderService.swift */ = {isa = PBXFileReference; lastKnownFileType = sourcecode.swift; path = RemoteCoinLoaderService.swift; sourceTree = "<group>"; };
		DFB1E9042B152DEB0076008E /* CoinMapper.swift */ = {isa = PBXFileReference; lastKnownFileType = sourcecode.swift; path = CoinMapper.swift; sourceTree = "<group>"; };
		DFB1E90B2B16197C0076008E /* DesignSystem.swift */ = {isa = PBXFileReference; lastKnownFileType = sourcecode.swift; path = DesignSystem.swift; sourceTree = "<group>"; };
		DFB1E90D2B1619B40076008E /* Backgrounds.swift */ = {isa = PBXFileReference; lastKnownFileType = sourcecode.swift; path = Backgrounds.swift; sourceTree = "<group>"; };
		DFB1E90F2B1619CD0076008E /* FontColors.swift */ = {isa = PBXFileReference; lastKnownFileType = sourcecode.swift; path = FontColors.swift; sourceTree = "<group>"; };
		DFB1E9122B161DE80076008E /* CoinCard.swift */ = {isa = PBXFileReference; lastKnownFileType = sourcecode.swift; path = CoinCard.swift; sourceTree = "<group>"; };
		DFB1E9142B162A550076008E /* CoinGeckoEndpoint.swift */ = {isa = PBXFileReference; lastKnownFileType = sourcecode.swift; path = CoinGeckoEndpoint.swift; sourceTree = "<group>"; };
		DFB1E9162B162DBD0076008E /* RemoteDollarExchange.swift */ = {isa = PBXFileReference; lastKnownFileType = sourcecode.swift; path = RemoteDollarExchange.swift; sourceTree = "<group>"; };
		DFB1E9182B1635220076008E /* String+.swift */ = {isa = PBXFileReference; lastKnownFileType = sourcecode.swift; path = "String+.swift"; sourceTree = "<group>"; };
		DFB1E91A2B163E430076008E /* CoinCache.swift */ = {isa = PBXFileReference; lastKnownFileType = sourcecode.swift; path = CoinCache.swift; sourceTree = "<group>"; };
		DFB1E91D2B16410E0076008E /* CoinCacheManager.swift */ = {isa = PBXFileReference; lastKnownFileType = sourcecode.swift; path = CoinCacheManager.swift; sourceTree = "<group>"; };
		DFB1E9222B16499D0076008E /* CoinCache.xcdatamodel */ = {isa = PBXFileReference; lastKnownFileType = wrapper.xcdatamodel; path = CoinCache.xcdatamodel; sourceTree = "<group>"; };
		DFB1E9242B1655020076008E /* Persistence.swift */ = {isa = PBXFileReference; lastKnownFileType = sourcecode.swift; path = Persistence.swift; sourceTree = "<group>"; };
		DFB1E9262B1655CC0076008E /* CoredataPersistanceManager.swift */ = {isa = PBXFileReference; lastKnownFileType = sourcecode.swift; path = CoredataPersistanceManager.swift; sourceTree = "<group>"; };
		DFD294102B197D6200DC1D12 /* RegisterToken.swift */ = {isa = PBXFileReference; lastKnownFileType = sourcecode.swift; path = RegisterToken.swift; sourceTree = "<group>"; };
		DFD294182B19FC9400DC1D12 /* UserPreferencesWorker.swift */ = {isa = PBXFileReference; lastKnownFileType = sourcecode.swift; path = UserPreferencesWorker.swift; sourceTree = "<group>"; };
		DFD2941A2B19FE0F00DC1D12 /* RegisterFirstUserAccess.swift */ = {isa = PBXFileReference; lastKnownFileType = sourcecode.swift; path = RegisterFirstUserAccess.swift; sourceTree = "<group>"; };
		DFD2941D2B19FEA400DC1D12 /* VerifyUserFirstAccess.swift */ = {isa = PBXFileReference; lastKnownFileType = sourcecode.swift; path = VerifyUserFirstAccess.swift; sourceTree = "<group>"; };
		DFD294212B1A02AF00DC1D12 /* RootComposer.swift */ = {isa = PBXFileReference; lastKnownFileType = sourcecode.swift; path = RootComposer.swift; sourceTree = "<group>"; };
		DFD294232B1A150900DC1D12 /* RootFeature.swift */ = {isa = PBXFileReference; lastKnownFileType = sourcecode.swift; path = RootFeature.swift; sourceTree = "<group>"; };
		DFD294252B1A192100DC1D12 /* OnboardingViewModel.swift */ = {isa = PBXFileReference; lastKnownFileType = sourcecode.swift; path = OnboardingViewModel.swift; sourceTree = "<group>"; };
		DFD294272B1A1B1700DC1D12 /* OnboardingComposer.swift */ = {isa = PBXFileReference; lastKnownFileType = sourcecode.swift; path = OnboardingComposer.swift; sourceTree = "<group>"; };
		DFD294292B1B68F400DC1D12 /* GoogleService-Info.plist */ = {isa = PBXFileReference; fileEncoding = 4; lastKnownFileType = text.plist.xml; name = "GoogleService-Info.plist"; path = "../../Downloads/GoogleService-Info.plist"; sourceTree = "<group>"; };
		DFD294312B1B73B300DC1D12 /* RemoteDatabase.swift */ = {isa = PBXFileReference; lastKnownFileType = sourcecode.swift; path = RemoteDatabase.swift; sourceTree = "<group>"; };
		DFD294352B1B749800DC1D12 /* Wallet.swift */ = {isa = PBXFileReference; lastKnownFileType = sourcecode.swift; path = Wallet.swift; sourceTree = "<group>"; };
		DFD294372B1B75E700DC1D12 /* WalletMapper.swift */ = {isa = PBXFileReference; lastKnownFileType = sourcecode.swift; path = WalletMapper.swift; sourceTree = "<group>"; };
		DFD294392B1B97BC00DC1D12 /* FetchWallets.swift */ = {isa = PBXFileReference; lastKnownFileType = sourcecode.swift; path = FetchWallets.swift; sourceTree = "<group>"; };
		DFD2943B2B1B97D200DC1D12 /* CreateWallet.swift */ = {isa = PBXFileReference; lastKnownFileType = sourcecode.swift; path = CreateWallet.swift; sourceTree = "<group>"; };
		DFD2943D2B1B97DC00DC1D12 /* UpdateWallet.swift */ = {isa = PBXFileReference; lastKnownFileType = sourcecode.swift; path = UpdateWallet.swift; sourceTree = "<group>"; };
		DFD2943F2B1B97E900DC1D12 /* DeleteWallet.swift */ = {isa = PBXFileReference; lastKnownFileType = sourcecode.swift; path = DeleteWallet.swift; sourceTree = "<group>"; };
		DFD294412B1BABA200DC1D12 /* CoinPickerViewModel.swift */ = {isa = PBXFileReference; lastKnownFileType = sourcecode.swift; path = CoinPickerViewModel.swift; sourceTree = "<group>"; };
		DFD294432B1BC1CD00DC1D12 /* CoinManageRow.swift */ = {isa = PBXFileReference; lastKnownFileType = sourcecode.swift; path = CoinManageRow.swift; sourceTree = "<group>"; };
		DFD294452B1CBAFA00DC1D12 /* WalletSeeDetail.swift */ = {isa = PBXFileReference; lastKnownFileType = sourcecode.swift; path = WalletSeeDetail.swift; sourceTree = "<group>"; };
		DFD294482B1CD11000DC1D12 /* InternetVerifier.swift */ = {isa = PBXFileReference; lastKnownFileType = sourcecode.swift; path = InternetVerifier.swift; sourceTree = "<group>"; };
		DFD2944C2B1D00F900DC1D12 /* WalletTests.swift */ = {isa = PBXFileReference; lastKnownFileType = sourcecode.swift; path = WalletTests.swift; sourceTree = "<group>"; };
		DFD2944E2B1D02F600DC1D12 /* WalletFeatureUseCasesStub.swift */ = {isa = PBXFileReference; lastKnownFileType = sourcecode.swift; path = WalletFeatureUseCasesStub.swift; sourceTree = "<group>"; };
		DFD294502B1D0C8700DC1D12 /* VerifyConnection.swift */ = {isa = PBXFileReference; lastKnownFileType = sourcecode.swift; path = VerifyConnection.swift; sourceTree = "<group>"; };
		DFD294532B1D0DFF00DC1D12 /* InternetVerifierMock.swift */ = {isa = PBXFileReference; lastKnownFileType = sourcecode.swift; path = InternetVerifierMock.swift; sourceTree = "<group>"; };
		DFD294562B1D27B600DC1D12 /* ListCoinsTests.swift */ = {isa = PBXFileReference; lastKnownFileType = sourcecode.swift; path = ListCoinsTests.swift; sourceTree = "<group>"; };
		DFD294592B1D289B00DC1D12 /* ListCoinsFallbackMock.swift */ = {isa = PBXFileReference; lastKnownFileType = sourcecode.swift; path = ListCoinsFallbackMock.swift; sourceTree = "<group>"; };
		DFD2945C2B1D333600DC1D12 /* RootTests.swift */ = {isa = PBXFileReference; lastKnownFileType = sourcecode.swift; path = RootTests.swift; sourceTree = "<group>"; };
		DFD2945F2B1D336200DC1D12 /* RootUseCasesMock.swift */ = {isa = PBXFileReference; lastKnownFileType = sourcecode.swift; path = RootUseCasesMock.swift; sourceTree = "<group>"; };
/* End PBXFileReference section */

/* Begin PBXFrameworksBuildPhase section */
		DFB1E8A92B1506350076008E /* Frameworks */ = {
			isa = PBXFrameworksBuildPhase;
			buildActionMask = 2147483647;
			files = (
				DFB1E8E12B150B5F0076008E /* ComposableArchitecture in Frameworks */,
				DFD2942D2B1B699A00DC1D12 /* FirebaseFirestore in Frameworks */,
			);
			runOnlyForDeploymentPostprocessing = 0;
		};
		DFB1E8B92B1506360076008E /* Frameworks */ = {
			isa = PBXFrameworksBuildPhase;
			buildActionMask = 2147483647;
			files = (
			);
			runOnlyForDeploymentPostprocessing = 0;
		};
/* End PBXFrameworksBuildPhase section */

/* Begin PBXGroup section */
		DFA20ABA2B16609000A66663 /* Repositories */ = {
			isa = PBXGroup;
			children = (
				DFA20ABB2B1660AB00A66663 /* CoinRepository.swift */,
				DFA20ABD2B1660CD00A66663 /* CacheVersionRepository.swift */,
			);
			path = Repositories;
			sourceTree = "<group>";
		};
		DFA20AC32B16A36400A66663 /* UI Components */ = {
			isa = PBXGroup;
			children = (
				DFA20AF02B19049B00A66663 /* WalletIconPicker */,
				DFA20AEB2B17F25400A66663 /* WalletManager */,
				DFA20AE82B17B55F00A66663 /* CoinPicker */,
				DFA20AC42B16A37D00A66663 /* InternetErrorView.swift */,
				DFB1E9122B161DE80076008E /* CoinCard.swift */,
				DFA20AE32B17B0BF00A66663 /* WalletCard.swift */,
				DFA20AF52B190B6D00A66663 /* TextPicker.swift */,
				DFD294432B1BC1CD00DC1D12 /* CoinManageRow.swift */,
				DFD294452B1CBAFA00DC1D12 /* WalletSeeDetail.swift */,
			);
			path = "UI Components";
			sourceTree = "<group>";
		};
		DFA20ACD2B16C8AC00A66663 /* Wallet */ = {
			isa = PBXGroup;
			children = (
				DFA20ACE2B16C8CD00A66663 /* WalletFeature.swift */,
				DFA20AD12B16CA1200A66663 /* WalletView.swift */,
				DFA20AD32B16CAFF00A66663 /* WalletComposer.swift */,
			);
			path = Wallet;
			sourceTree = "<group>";
		};
		DFA20AD52B16CBD100A66663 /* Root */ = {
			isa = PBXGroup;
			children = (
				DFA20AD82B16CE5000A66663 /* RootView.swift */,
				DFD294232B1A150900DC1D12 /* RootFeature.swift */,
				DFD294212B1A02AF00DC1D12 /* RootComposer.swift */,
			);
			path = Root;
			sourceTree = "<group>";
		};
		DFA20ADC2B17618900A66663 /* DisplayedModels */ = {
			isa = PBXGroup;
			children = (
				DFA20ADD2B17619F00A66663 /* DisplayedCoin.swift */,
				DFA20AE12B1777E000A66663 /* DisplayedWallet.swift */,
			);
			path = DisplayedModels;
			sourceTree = "<group>";
		};
		DFA20AE52B17B22500A66663 /* Categories */ = {
			isa = PBXGroup;
			children = (
				DFB1E90D2B1619B40076008E /* Backgrounds.swift */,
				DFB1E90F2B1619CD0076008E /* FontColors.swift */,
				DFA20AC82B16A42300A66663 /* Components.swift */,
			);
			path = Categories;
			sourceTree = "<group>";
		};
		DFA20AE82B17B55F00A66663 /* CoinPicker */ = {
			isa = PBXGroup;
			children = (
				DFD294412B1BABA200DC1D12 /* CoinPickerViewModel.swift */,
				DFA20AE62B17B47400A66663 /* CoinPickerView.swift */,
				DFA20AE92B17B6B900A66663 /* CoinPickerComposer.swift */,
			);
			path = CoinPicker;
			sourceTree = "<group>";
		};
		DFA20AEB2B17F25400A66663 /* WalletManager */ = {
			isa = PBXGroup;
			children = (
				DFA20AF72B194EB900A66663 /* WalletManagerViewModel.swift */,
				DFA20AEC2B17F26C00A66663 /* WalletManagerView.swift */,
				DFA20AEE2B17F2B400A66663 /* WalletManagerComposer.swift */,
			);
			path = WalletManager;
			sourceTree = "<group>";
		};
		DFA20AF02B19049B00A66663 /* WalletIconPicker */ = {
			isa = PBXGroup;
			children = (
				DFA20AF12B1904D700A66663 /* WalletIconPicker.swift */,
				DFA20AF32B19055800A66663 /* IconGallery.swift */,
			);
			path = WalletIconPicker;
			sourceTree = "<group>";
		};
		DFA20AF92B196EEB00A66663 /* Onboarding */ = {
			isa = PBXGroup;
			children = (
				DFA20AFA2B19707D00A66663 /* OnboardingView.swift */,
				DFD294252B1A192100DC1D12 /* OnboardingViewModel.swift */,
				DFD294272B1A1B1700DC1D12 /* OnboardingComposer.swift */,
			);
			path = Onboarding;
			sourceTree = "<group>";
		};
		DFA20AFC2B19765100A66663 /* SecurityTokenWorker */ = {
			isa = PBXGroup;
			children = (
				DFA20AFD2B19767600A66663 /* KeychainDomain.swift */,
				DFA20AFF2B197A2100A66663 /* TokenWorker.swift */,
			);
			path = SecurityTokenWorker;
			sourceTree = "<group>";
		};
		DFB1E8A32B1506350076008E = {
			isa = PBXGroup;
			children = (
				DFB1E8AE2B1506350076008E /* CryptoSphere */,
				DFD294292B1B68F400DC1D12 /* GoogleService-Info.plist */,
				DFB1E8BF2B1506360076008E /* CryptoSphereTests */,
				DFB1E8AD2B1506350076008E /* Products */,
				DFB1E8DE2B150AFC0076008E /* Frameworks */,
			);
			sourceTree = "<group>";
		};
		DFB1E8AD2B1506350076008E /* Products */ = {
			isa = PBXGroup;
			children = (
				DFB1E8AC2B1506350076008E /* CryptoSphere.app */,
				DFB1E8BC2B1506360076008E /* CryptoSphereTests.xctest */,
			);
			name = Products;
			sourceTree = "<group>";
		};
		DFB1E8AE2B1506350076008E /* CryptoSphere */ = {
			isa = PBXGroup;
			children = (
				DFB1E8E72B15215F0076008E /* Resources */,
				DFB1E8E52B1521380076008E /* Application */,
				DFB1E8E62B1521420076008E /* Source */,
			);
			path = CryptoSphere;
			sourceTree = "<group>";
		};
		DFB1E8BF2B1506360076008E /* CryptoSphereTests */ = {
			isa = PBXGroup;
			children = (
				DFD2944A2B1D00D200DC1D12 /* Features */,
			);
			path = CryptoSphereTests;
			sourceTree = "<group>";
		};
		DFB1E8DE2B150AFC0076008E /* Frameworks */ = {
			isa = PBXGroup;
			children = (
			);
			name = Frameworks;
			sourceTree = "<group>";
		};
		DFB1E8E22B151B970076008E /* Scenes */ = {
			isa = PBXGroup;
			children = (
				DFA20ADC2B17618900A66663 /* DisplayedModels */,
				DFA20AF92B196EEB00A66663 /* Onboarding */,
				DFA20AD52B16CBD100A66663 /* Root */,
				DFA20ACD2B16C8AC00A66663 /* Wallet */,
				DFB1E8E32B151BA00076008E /* ListCoins */,
			);
			path = Scenes;
			sourceTree = "<group>";
		};
		DFB1E8E32B151BA00076008E /* ListCoins */ = {
			isa = PBXGroup;
			children = (
				DFB1E8B12B1506350076008E /* ListCoinsView.swift */,
				DFB1E8DC2B150AAB0076008E /* ListCoinsFeature.swift */,
				DFA20ABF2B16672600A66663 /* ListCoinsComposer.swift */,
				DFA20ADF2B176FE700A66663 /* ListCoinsFallback.swift */,
			);
			path = ListCoins;
			sourceTree = "<group>";
		};
		DFB1E8E42B1521240076008E /* Workers */ = {
			isa = PBXGroup;
			children = (
				DFD294302B1B738A00DC1D12 /* RemoteWalletLoader */,
				DFD294152B19FC4100DC1D12 /* UserPreferencesWorker */,
				DFA20AFC2B19765100A66663 /* SecurityTokenWorker */,
				DFB1E91C2B1640EC0076008E /* CoinCacheManager */,
				DFB1E8E92B1522040076008E /* HTTPClient */,
				DFB1E9012B152C4B0076008E /* RemoteCoinLoader */,
			);
			path = Workers;
			sourceTree = "<group>";
		};
		DFB1E8E52B1521380076008E /* Application */ = {
			isa = PBXGroup;
			children = (
				DFB1E8AF2B1506350076008E /* CryptoSphereApp.swift */,
				DFB1E9242B1655020076008E /* Persistence.swift */,
			);
			path = Application;
			sourceTree = "<group>";
		};
		DFB1E8E62B1521420076008E /* Source */ = {
			isa = PBXGroup;
			children = (
				DFB1E90A2B1619470076008E /* DesignSystem */,
				DFB1E9062B1562490076008E /* Utils */,
				DFB1E8F72B1523DE0076008E /* Mappers */,
				DFB1E8F42B15235D0076008E /* Domain */,
				DFB1E8F52B1523640076008E /* UseCases */,
				DFB1E8E22B151B970076008E /* Scenes */,
			);
			path = Source;
			sourceTree = "<group>";
		};
		DFB1E8E72B15215F0076008E /* Resources */ = {
			isa = PBXGroup;
			children = (
				DFB1E8B32B1506360076008E /* Assets.xcassets */,
			);
			path = Resources;
			sourceTree = "<group>";
		};
		DFB1E8E92B1522040076008E /* HTTPClient */ = {
			isa = PBXGroup;
			children = (
				DFB1E8EF2B1522AA0076008E /* Protocols */,
				DFB1E8EA2B1522110076008E /* Endpoints */,
				DFB1E8EB2B1522350076008E /* APICallError.swift */,
				DFB1E8ED2B1522480076008E /* URLSessionHTTPClient.swift */,
			);
			path = HTTPClient;
			sourceTree = "<group>";
		};
		DFB1E8EA2B1522110076008E /* Endpoints */ = {
			isa = PBXGroup;
			children = (
				DFB1E9142B162A550076008E /* CoinGeckoEndpoint.swift */,
			);
			path = Endpoints;
			sourceTree = "<group>";
		};
		DFB1E8EF2B1522AA0076008E /* Protocols */ = {
			isa = PBXGroup;
			children = (
				DFB1E8F02B1522C20076008E /* HTTPClientProtocol.swift */,
				DFB1E8F22B1522FB0076008E /* EndpointProtocol.swift */,
			);
			path = Protocols;
			sourceTree = "<group>";
		};
		DFB1E8F42B15235D0076008E /* Domain */ = {
			isa = PBXGroup;
			children = (
				DFB1E8F62B1523760076008E /* RemoteModels */,
				DFD294472B1CD0EF00DC1D12 /* Singletons */,
				DFB1E8E42B1521240076008E /* Workers */,
			);
			path = Domain;
			sourceTree = "<group>";
		};
		DFB1E8F52B1523640076008E /* UseCases */ = {
			isa = PBXGroup;
			children = (
				DFB1E8FE2B152AC40076008E /* BusinessModels */,
				DFD2941C2B19FE6500DC1D12 /* Root */,
				DFD294122B197D8F00DC1D12 /* Wallet */,
				DFD2940E2B197D2F00DC1D12 /* ListCoins */,
				DFD2940F2B197D4600DC1D12 /* Onboarding */,
			);
			path = UseCases;
			sourceTree = "<group>";
		};
		DFB1E8F62B1523760076008E /* RemoteModels */ = {
			isa = PBXGroup;
			children = (
				DFB1E8F82B15244F0076008E /* RemoteCoin.swift */,
				DFB1E9162B162DBD0076008E /* RemoteDollarExchange.swift */,
			);
			path = RemoteModels;
			sourceTree = "<group>";
		};
		DFB1E8F72B1523DE0076008E /* Mappers */ = {
			isa = PBXGroup;
			children = (
				DFB1E9042B152DEB0076008E /* CoinMapper.swift */,
				DFD294372B1B75E700DC1D12 /* WalletMapper.swift */,
			);
			path = Mappers;
			sourceTree = "<group>";
		};
		DFB1E8FE2B152AC40076008E /* BusinessModels */ = {
			isa = PBXGroup;
			children = (
				DFB1E8FF2B152AD90076008E /* Coin.swift */,
				DFD294352B1B749800DC1D12 /* Wallet.swift */,
			);
			path = BusinessModels;
			sourceTree = "<group>";
		};
		DFB1E9012B152C4B0076008E /* RemoteCoinLoader */ = {
			isa = PBXGroup;
			children = (
				DFB1E9022B152C6F0076008E /* RemoteCoinLoaderService.swift */,
			);
			path = RemoteCoinLoader;
			sourceTree = "<group>";
		};
		DFB1E9062B1562490076008E /* Utils */ = {
			isa = PBXGroup;
			children = (
				DFB1E9072B1562530076008E /* Extensions */,
			);
			path = Utils;
			sourceTree = "<group>";
		};
		DFB1E9072B1562530076008E /* Extensions */ = {
			isa = PBXGroup;
			children = (
				DFB1E9182B1635220076008E /* String+.swift */,
			);
			path = Extensions;
			sourceTree = "<group>";
		};
		DFB1E90A2B1619470076008E /* DesignSystem */ = {
			isa = PBXGroup;
			children = (
				DFA20AE52B17B22500A66663 /* Categories */,
				DFA20AC32B16A36400A66663 /* UI Components */,
				DFB1E90B2B16197C0076008E /* DesignSystem.swift */,
			);
			path = DesignSystem;
			sourceTree = "<group>";
		};
		DFB1E91C2B1640EC0076008E /* CoinCacheManager */ = {
			isa = PBXGroup;
			children = (
				DFA20ABA2B16609000A66663 /* Repositories */,
				DFB1E91D2B16410E0076008E /* CoinCacheManager.swift */,
				DFB1E9262B1655CC0076008E /* CoredataPersistanceManager.swift */,
				DFB1E9212B16499D0076008E /* CoinCache.xcdatamodeld */,
			);
			path = CoinCacheManager;
			sourceTree = "<group>";
		};
		DFD2940E2B197D2F00DC1D12 /* ListCoins */ = {
			isa = PBXGroup;
			children = (
				DFB1E8FC2B15276D0076008E /* CoinLoader.swift */,
				DFB1E91A2B163E430076008E /* CoinCache.swift */,
			);
			path = ListCoins;
			sourceTree = "<group>";
		};
		DFD2940F2B197D4600DC1D12 /* Onboarding */ = {
			isa = PBXGroup;
			children = (
				DFD294102B197D6200DC1D12 /* RegisterToken.swift */,
				DFD2941A2B19FE0F00DC1D12 /* RegisterFirstUserAccess.swift */,
			);
			path = Onboarding;
			sourceTree = "<group>";
		};
		DFD294122B197D8F00DC1D12 /* Wallet */ = {
			isa = PBXGroup;
			children = (
				DFD294392B1B97BC00DC1D12 /* FetchWallets.swift */,
				DFD2943B2B1B97D200DC1D12 /* CreateWallet.swift */,
				DFD2943D2B1B97DC00DC1D12 /* UpdateWallet.swift */,
				DFD2943F2B1B97E900DC1D12 /* DeleteWallet.swift */,
				DFD294502B1D0C8700DC1D12 /* VerifyConnection.swift */,
			);
			path = Wallet;
			sourceTree = "<group>";
		};
		DFD294152B19FC4100DC1D12 /* UserPreferencesWorker */ = {
			isa = PBXGroup;
			children = (
				DFD294182B19FC9400DC1D12 /* UserPreferencesWorker.swift */,
			);
			path = UserPreferencesWorker;
			sourceTree = "<group>";
		};
		DFD2941C2B19FE6500DC1D12 /* Root */ = {
			isa = PBXGroup;
			children = (
				DFD2941D2B19FEA400DC1D12 /* VerifyUserFirstAccess.swift */,
			);
			path = Root;
			sourceTree = "<group>";
		};
		DFD294302B1B738A00DC1D12 /* RemoteWalletLoader */ = {
			isa = PBXGroup;
			children = (
				DFD294312B1B73B300DC1D12 /* RemoteDatabase.swift */,
			);
			path = RemoteWalletLoader;
			sourceTree = "<group>";
		};
		DFD294472B1CD0EF00DC1D12 /* Singletons */ = {
			isa = PBXGroup;
			children = (
				DFD294482B1CD11000DC1D12 /* InternetVerifier.swift */,
			);
			path = Singletons;
			sourceTree = "<group>";
		};
		DFD2944A2B1D00D200DC1D12 /* Features */ = {
			isa = PBXGroup;
			children = (
				DFD2945B2B1D32C100DC1D12 /* Root */,
				DFD294552B1D278A00DC1D12 /* ListCoins */,
				DFD2944B2B1D00DE00DC1D12 /* Wallet */,
			);
			path = Features;
			sourceTree = "<group>";
		};
		DFD2944B2B1D00DE00DC1D12 /* Wallet */ = {
			isa = PBXGroup;
			children = (
				DFD294522B1D0DD100DC1D12 /* TestDoubles */,
				DFD2944C2B1D00F900DC1D12 /* WalletTests.swift */,
			);
			path = Wallet;
			sourceTree = "<group>";
		};
		DFD294522B1D0DD100DC1D12 /* TestDoubles */ = {
			isa = PBXGroup;
			children = (
				DFD2944E2B1D02F600DC1D12 /* WalletFeatureUseCasesStub.swift */,
				DFD294532B1D0DFF00DC1D12 /* InternetVerifierMock.swift */,
			);
			path = TestDoubles;
			sourceTree = "<group>";
		};
		DFD294552B1D278A00DC1D12 /* ListCoins */ = {
			isa = PBXGroup;
			children = (
				DFD294582B1D285F00DC1D12 /* TestDoubles */,
				DFD294562B1D27B600DC1D12 /* ListCoinsTests.swift */,
			);
			path = ListCoins;
			sourceTree = "<group>";
		};
		DFD294582B1D285F00DC1D12 /* TestDoubles */ = {
			isa = PBXGroup;
			children = (
				DFD294592B1D289B00DC1D12 /* ListCoinsFallbackMock.swift */,
			);
			path = TestDoubles;
			sourceTree = "<group>";
		};
		DFD2945B2B1D32C100DC1D12 /* Root */ = {
			isa = PBXGroup;
			children = (
				DFD2945E2B1D334000DC1D12 /* TestDoubles */,
				DFD2945C2B1D333600DC1D12 /* RootTests.swift */,
			);
			path = Root;
			sourceTree = "<group>";
		};
		DFD2945E2B1D334000DC1D12 /* TestDoubles */ = {
			isa = PBXGroup;
			children = (
				DFD2945F2B1D336200DC1D12 /* RootUseCasesMock.swift */,
			);
			path = TestDoubles;
			sourceTree = "<group>";
		};
/* End PBXGroup section */

/* Begin PBXNativeTarget section */
		DFB1E8AB2B1506350076008E /* CryptoSphere */ = {
			isa = PBXNativeTarget;
			buildConfigurationList = DFB1E8D02B1506360076008E /* Build configuration list for PBXNativeTarget "CryptoSphere" */;
			buildPhases = (
				DFB1E8A82B1506350076008E /* Sources */,
				DFB1E8A92B1506350076008E /* Frameworks */,
				DFB1E8AA2B1506350076008E /* Resources */,
			);
			buildRules = (
			);
			dependencies = (
			);
			name = CryptoSphere;
			packageProductDependencies = (
				DFB1E8E02B150B5F0076008E /* ComposableArchitecture */,
				DFD2942C2B1B699A00DC1D12 /* FirebaseFirestore */,
			);
			productName = CryptoSphere;
			productReference = DFB1E8AC2B1506350076008E /* CryptoSphere.app */;
			productType = "com.apple.product-type.application";
		};
		DFB1E8BB2B1506360076008E /* CryptoSphereTests */ = {
			isa = PBXNativeTarget;
			buildConfigurationList = DFB1E8D32B1506360076008E /* Build configuration list for PBXNativeTarget "CryptoSphereTests" */;
			buildPhases = (
				DFB1E8B82B1506360076008E /* Sources */,
				DFB1E8B92B1506360076008E /* Frameworks */,
				DFB1E8BA2B1506360076008E /* Resources */,
			);
			buildRules = (
			);
			dependencies = (
				DFB1E8BE2B1506360076008E /* PBXTargetDependency */,
			);
			name = CryptoSphereTests;
			productName = CryptoSphereTests;
			productReference = DFB1E8BC2B1506360076008E /* CryptoSphereTests.xctest */;
			productType = "com.apple.product-type.bundle.unit-test";
		};
/* End PBXNativeTarget section */

/* Begin PBXProject section */
		DFB1E8A42B1506350076008E /* Project object */ = {
			isa = PBXProject;
			attributes = {
				BuildIndependentTargetsInParallel = 1;
				LastSwiftUpdateCheck = 1500;
				LastUpgradeCheck = 1500;
				TargetAttributes = {
					DFB1E8AB2B1506350076008E = {
						CreatedOnToolsVersion = 15.0.1;
					};
					DFB1E8BB2B1506360076008E = {
						CreatedOnToolsVersion = 15.0.1;
						TestTargetID = DFB1E8AB2B1506350076008E;
					};
				};
			};
			buildConfigurationList = DFB1E8A72B1506350076008E /* Build configuration list for PBXProject "CryptoSphere" */;
			compatibilityVersion = "Xcode 14.0";
			developmentRegion = en;
			hasScannedForEncodings = 0;
			knownRegions = (
				en,
				Base,
			);
			mainGroup = DFB1E8A32B1506350076008E;
			packageReferences = (
				DFB1E8DF2B150B5F0076008E /* XCRemoteSwiftPackageReference "swift-composable-architecture" */,
				DFD2942B2B1B699A00DC1D12 /* XCRemoteSwiftPackageReference "firebase-ios-sdk" */,
			);
			productRefGroup = DFB1E8AD2B1506350076008E /* Products */;
			projectDirPath = "";
			projectRoot = "";
			targets = (
				DFB1E8AB2B1506350076008E /* CryptoSphere */,
				DFB1E8BB2B1506360076008E /* CryptoSphereTests */,
			);
		};
/* End PBXProject section */

/* Begin PBXResourcesBuildPhase section */
		DFB1E8AA2B1506350076008E /* Resources */ = {
			isa = PBXResourcesBuildPhase;
			buildActionMask = 2147483647;
			files = (
				DFB1E8B42B1506360076008E /* Assets.xcassets in Resources */,
				DFD2942A2B1B68F400DC1D12 /* GoogleService-Info.plist in Resources */,
			);
			runOnlyForDeploymentPostprocessing = 0;
		};
		DFB1E8BA2B1506360076008E /* Resources */ = {
			isa = PBXResourcesBuildPhase;
			buildActionMask = 2147483647;
			files = (
			);
			runOnlyForDeploymentPostprocessing = 0;
		};
/* End PBXResourcesBuildPhase section */

/* Begin PBXSourcesBuildPhase section */
		DFB1E8A82B1506350076008E /* Sources */ = {
			isa = PBXSourcesBuildPhase;
			buildActionMask = 2147483647;
			files = (
				DFA20AE42B17B0BF00A66663 /* WalletCard.swift in Sources */,
				DFB1E9132B161DE80076008E /* CoinCard.swift in Sources */,
				DFB1E8F92B15244F0076008E /* RemoteCoin.swift in Sources */,
				DFD294462B1CBAFA00DC1D12 /* WalletSeeDetail.swift in Sources */,
				DFA20AE22B1777E000A66663 /* DisplayedWallet.swift in Sources */,
				DFD294362B1B749800DC1D12 /* Wallet.swift in Sources */,
				DFD294492B1CD11000DC1D12 /* InternetVerifier.swift in Sources */,
				DFA20ADE2B17619F00A66663 /* DisplayedCoin.swift in Sources */,
				DFB1E9192B1635220076008E /* String+.swift in Sources */,
				DFA20AF62B190B6D00A66663 /* TextPicker.swift in Sources */,
				DFA20AD92B16CE5000A66663 /* RootView.swift in Sources */,
				DFB1E8B22B1506350076008E /* ListCoinsView.swift in Sources */,
				DFB1E8EE2B1522480076008E /* URLSessionHTTPClient.swift in Sources */,
				DFB1E8EC2B1522350076008E /* APICallError.swift in Sources */,
				DFD294442B1BC1CD00DC1D12 /* CoinManageRow.swift in Sources */,
				DFD294242B1A150900DC1D12 /* RootFeature.swift in Sources */,
				DFB1E9172B162DBD0076008E /* RemoteDollarExchange.swift in Sources */,
				DFA20AC92B16A42300A66663 /* Components.swift in Sources */,
				DFA20AE02B176FE700A66663 /* ListCoinsFallback.swift in Sources */,
				DFB1E9032B152C6F0076008E /* RemoteCoinLoaderService.swift in Sources */,
				DFB1E9272B1655CC0076008E /* CoredataPersistanceManager.swift in Sources */,
				DFB1E90C2B16197C0076008E /* DesignSystem.swift in Sources */,
				DFB1E9252B1655020076008E /* Persistence.swift in Sources */,
				DFB1E91E2B16410E0076008E /* CoinCacheManager.swift in Sources */,
				DFA20AFE2B19767600A66663 /* KeychainDomain.swift in Sources */,
				DFA20AEA2B17B6B900A66663 /* CoinPickerComposer.swift in Sources */,
				DFB1E9052B152DEB0076008E /* CoinMapper.swift in Sources */,
				DFB1E8DD2B150AAB0076008E /* ListCoinsFeature.swift in Sources */,
				DFA20AD22B16CA1200A66663 /* WalletView.swift in Sources */,
				DFA20AD42B16CAFF00A66663 /* WalletComposer.swift in Sources */,
				DFD294512B1D0C8700DC1D12 /* VerifyConnection.swift in Sources */,
				DFB1E9152B162A550076008E /* CoinGeckoEndpoint.swift in Sources */,
				DFA20AF82B194EB900A66663 /* WalletManagerViewModel.swift in Sources */,
				DFB1E91B2B163E430076008E /* CoinCache.swift in Sources */,
				DFA20ABE2B1660CD00A66663 /* CacheVersionRepository.swift in Sources */,
				DFD294262B1A192100DC1D12 /* OnboardingViewModel.swift in Sources */,
				DFB1E8F12B1522C20076008E /* HTTPClientProtocol.swift in Sources */,
				DFD294192B19FC9400DC1D12 /* UserPreferencesWorker.swift in Sources */,
				DFD294222B1A02AF00DC1D12 /* RootComposer.swift in Sources */,
				DFD2941E2B19FEA400DC1D12 /* VerifyUserFirstAccess.swift in Sources */,
				DFB1E8FD2B15276D0076008E /* CoinLoader.swift in Sources */,
				DFD2941B2B19FE0F00DC1D12 /* RegisterFirstUserAccess.swift in Sources */,
				DFA20AEF2B17F2B400A66663 /* WalletManagerComposer.swift in Sources */,
				DFD294422B1BABA200DC1D12 /* CoinPickerViewModel.swift in Sources */,
				DFA20AF42B19055800A66663 /* IconGallery.swift in Sources */,
				DFD294382B1B75E700DC1D12 /* WalletMapper.swift in Sources */,
				DFA20ACF2B16C8CD00A66663 /* WalletFeature.swift in Sources */,
				DFA20B002B197A2100A66663 /* TokenWorker.swift in Sources */,
				DFA20ABC2B1660AB00A66663 /* CoinRepository.swift in Sources */,
				DFD294112B197D6200DC1D12 /* RegisterToken.swift in Sources */,
				DFA20AE72B17B47400A66663 /* CoinPickerView.swift in Sources */,
				DFB1E8B02B1506350076008E /* CryptoSphereApp.swift in Sources */,
				DFA20AFB2B19707D00A66663 /* OnboardingView.swift in Sources */,
				DFA20AC02B16672600A66663 /* ListCoinsComposer.swift in Sources */,
				DFB1E9002B152AD90076008E /* Coin.swift in Sources */,
				DFA20AC52B16A37D00A66663 /* InternetErrorView.swift in Sources */,
				DFD294322B1B73B300DC1D12 /* RemoteDatabase.swift in Sources */,
				DFD2943C2B1B97D200DC1D12 /* CreateWallet.swift in Sources */,
				DFB1E8F32B1522FB0076008E /* EndpointProtocol.swift in Sources */,
				DFA20AED2B17F26C00A66663 /* WalletManagerView.swift in Sources */,
				DFD2943E2B1B97DC00DC1D12 /* UpdateWallet.swift in Sources */,
				DFA20AF22B1904D700A66663 /* WalletIconPicker.swift in Sources */,
				DFB1E9102B1619CD0076008E /* FontColors.swift in Sources */,
				DFB1E9232B16499D0076008E /* CoinCache.xcdatamodeld in Sources */,
				DFD2943A2B1B97BC00DC1D12 /* FetchWallets.swift in Sources */,
				DFD294282B1A1B1700DC1D12 /* OnboardingComposer.swift in Sources */,
				DFB1E90E2B1619B40076008E /* Backgrounds.swift in Sources */,
				DFD294402B1B97E900DC1D12 /* DeleteWallet.swift in Sources */,
			);
			runOnlyForDeploymentPostprocessing = 0;
		};
		DFB1E8B82B1506360076008E /* Sources */ = {
			isa = PBXSourcesBuildPhase;
			buildActionMask = 2147483647;
			files = (
				DFD2944D2B1D00F900DC1D12 /* WalletTests.swift in Sources */,
				DFD294602B1D336200DC1D12 /* RootUseCasesMock.swift in Sources */,
				DFD2945D2B1D333600DC1D12 /* RootTests.swift in Sources */,
				DFD294542B1D0DFF00DC1D12 /* InternetVerifierMock.swift in Sources */,
				DFD2945A2B1D289B00DC1D12 /* ListCoinsFallbackMock.swift in Sources */,
				DFD294572B1D27B600DC1D12 /* ListCoinsTests.swift in Sources */,
				DFD2944F2B1D02F600DC1D12 /* WalletFeatureUseCasesStub.swift in Sources */,
			);
			runOnlyForDeploymentPostprocessing = 0;
		};
/* End PBXSourcesBuildPhase section */

/* Begin PBXTargetDependency section */
		DFB1E8BE2B1506360076008E /* PBXTargetDependency */ = {
			isa = PBXTargetDependency;
			target = DFB1E8AB2B1506350076008E /* CryptoSphere */;
			targetProxy = DFB1E8BD2B1506360076008E /* PBXContainerItemProxy */;
		};
/* End PBXTargetDependency section */

/* Begin XCBuildConfiguration section */
		DFB1E8CE2B1506360076008E /* Debug */ = {
			isa = XCBuildConfiguration;
			buildSettings = {
				ALWAYS_SEARCH_USER_PATHS = NO;
				ASSETCATALOG_COMPILER_GENERATE_SWIFT_ASSET_SYMBOL_EXTENSIONS = YES;
				CLANG_ANALYZER_NONNULL = YES;
				CLANG_ANALYZER_NUMBER_OBJECT_CONVERSION = YES_AGGRESSIVE;
				CLANG_CXX_LANGUAGE_STANDARD = "gnu++20";
				CLANG_ENABLE_MODULES = YES;
				CLANG_ENABLE_OBJC_ARC = YES;
				CLANG_ENABLE_OBJC_WEAK = YES;
				CLANG_WARN_BLOCK_CAPTURE_AUTORELEASING = YES;
				CLANG_WARN_BOOL_CONVERSION = YES;
				CLANG_WARN_COMMA = YES;
				CLANG_WARN_CONSTANT_CONVERSION = YES;
				CLANG_WARN_DEPRECATED_OBJC_IMPLEMENTATIONS = YES;
				CLANG_WARN_DIRECT_OBJC_ISA_USAGE = YES_ERROR;
				CLANG_WARN_DOCUMENTATION_COMMENTS = YES;
				CLANG_WARN_EMPTY_BODY = YES;
				CLANG_WARN_ENUM_CONVERSION = YES;
				CLANG_WARN_INFINITE_RECURSION = YES;
				CLANG_WARN_INT_CONVERSION = YES;
				CLANG_WARN_NON_LITERAL_NULL_CONVERSION = YES;
				CLANG_WARN_OBJC_IMPLICIT_RETAIN_SELF = YES;
				CLANG_WARN_OBJC_LITERAL_CONVERSION = YES;
				CLANG_WARN_OBJC_ROOT_CLASS = YES_ERROR;
				CLANG_WARN_QUOTED_INCLUDE_IN_FRAMEWORK_HEADER = YES;
				CLANG_WARN_RANGE_LOOP_ANALYSIS = YES;
				CLANG_WARN_STRICT_PROTOTYPES = YES;
				CLANG_WARN_SUSPICIOUS_MOVE = YES;
				CLANG_WARN_UNGUARDED_AVAILABILITY = YES_AGGRESSIVE;
				CLANG_WARN_UNREACHABLE_CODE = YES;
				CLANG_WARN__DUPLICATE_METHOD_MATCH = YES;
				COPY_PHASE_STRIP = NO;
				DEBUG_INFORMATION_FORMAT = dwarf;
				ENABLE_STRICT_OBJC_MSGSEND = YES;
				ENABLE_TESTABILITY = YES;
				ENABLE_USER_SCRIPT_SANDBOXING = YES;
				GCC_C_LANGUAGE_STANDARD = gnu17;
				GCC_DYNAMIC_NO_PIC = NO;
				GCC_NO_COMMON_BLOCKS = YES;
				GCC_OPTIMIZATION_LEVEL = 0;
				GCC_PREPROCESSOR_DEFINITIONS = (
					"DEBUG=1",
					"$(inherited)",
				);
				GCC_WARN_64_TO_32_BIT_CONVERSION = YES;
				GCC_WARN_ABOUT_RETURN_TYPE = YES_ERROR;
				GCC_WARN_UNDECLARED_SELECTOR = YES;
				GCC_WARN_UNINITIALIZED_AUTOS = YES_AGGRESSIVE;
				GCC_WARN_UNUSED_FUNCTION = YES;
				GCC_WARN_UNUSED_VARIABLE = YES;
				IPHONEOS_DEPLOYMENT_TARGET = 17.0;
				LOCALIZATION_PREFERS_STRING_CATALOGS = YES;
				MTL_ENABLE_DEBUG_INFO = INCLUDE_SOURCE;
				MTL_FAST_MATH = YES;
				ONLY_ACTIVE_ARCH = YES;
				SDKROOT = iphoneos;
				SWIFT_ACTIVE_COMPILATION_CONDITIONS = "DEBUG $(inherited)";
				SWIFT_OPTIMIZATION_LEVEL = "-Onone";
			};
			name = Debug;
		};
		DFB1E8CF2B1506360076008E /* Release */ = {
			isa = XCBuildConfiguration;
			buildSettings = {
				ALWAYS_SEARCH_USER_PATHS = NO;
				ASSETCATALOG_COMPILER_GENERATE_SWIFT_ASSET_SYMBOL_EXTENSIONS = YES;
				CLANG_ANALYZER_NONNULL = YES;
				CLANG_ANALYZER_NUMBER_OBJECT_CONVERSION = YES_AGGRESSIVE;
				CLANG_CXX_LANGUAGE_STANDARD = "gnu++20";
				CLANG_ENABLE_MODULES = YES;
				CLANG_ENABLE_OBJC_ARC = YES;
				CLANG_ENABLE_OBJC_WEAK = YES;
				CLANG_WARN_BLOCK_CAPTURE_AUTORELEASING = YES;
				CLANG_WARN_BOOL_CONVERSION = YES;
				CLANG_WARN_COMMA = YES;
				CLANG_WARN_CONSTANT_CONVERSION = YES;
				CLANG_WARN_DEPRECATED_OBJC_IMPLEMENTATIONS = YES;
				CLANG_WARN_DIRECT_OBJC_ISA_USAGE = YES_ERROR;
				CLANG_WARN_DOCUMENTATION_COMMENTS = YES;
				CLANG_WARN_EMPTY_BODY = YES;
				CLANG_WARN_ENUM_CONVERSION = YES;
				CLANG_WARN_INFINITE_RECURSION = YES;
				CLANG_WARN_INT_CONVERSION = YES;
				CLANG_WARN_NON_LITERAL_NULL_CONVERSION = YES;
				CLANG_WARN_OBJC_IMPLICIT_RETAIN_SELF = YES;
				CLANG_WARN_OBJC_LITERAL_CONVERSION = YES;
				CLANG_WARN_OBJC_ROOT_CLASS = YES_ERROR;
				CLANG_WARN_QUOTED_INCLUDE_IN_FRAMEWORK_HEADER = YES;
				CLANG_WARN_RANGE_LOOP_ANALYSIS = YES;
				CLANG_WARN_STRICT_PROTOTYPES = YES;
				CLANG_WARN_SUSPICIOUS_MOVE = YES;
				CLANG_WARN_UNGUARDED_AVAILABILITY = YES_AGGRESSIVE;
				CLANG_WARN_UNREACHABLE_CODE = YES;
				CLANG_WARN__DUPLICATE_METHOD_MATCH = YES;
				COPY_PHASE_STRIP = NO;
				DEBUG_INFORMATION_FORMAT = "dwarf-with-dsym";
				ENABLE_NS_ASSERTIONS = NO;
				ENABLE_STRICT_OBJC_MSGSEND = YES;
				ENABLE_USER_SCRIPT_SANDBOXING = YES;
				GCC_C_LANGUAGE_STANDARD = gnu17;
				GCC_NO_COMMON_BLOCKS = YES;
				GCC_WARN_64_TO_32_BIT_CONVERSION = YES;
				GCC_WARN_ABOUT_RETURN_TYPE = YES_ERROR;
				GCC_WARN_UNDECLARED_SELECTOR = YES;
				GCC_WARN_UNINITIALIZED_AUTOS = YES_AGGRESSIVE;
				GCC_WARN_UNUSED_FUNCTION = YES;
				GCC_WARN_UNUSED_VARIABLE = YES;
				IPHONEOS_DEPLOYMENT_TARGET = 17.0;
				LOCALIZATION_PREFERS_STRING_CATALOGS = YES;
				MTL_ENABLE_DEBUG_INFO = NO;
				MTL_FAST_MATH = YES;
				SDKROOT = iphoneos;
				SWIFT_COMPILATION_MODE = wholemodule;
				VALIDATE_PRODUCT = YES;
			};
			name = Release;
		};
		DFB1E8D12B1506360076008E /* Debug */ = {
			isa = XCBuildConfiguration;
			buildSettings = {
				ASSETCATALOG_COMPILER_APPICON_NAME = AppIcon;
				ASSETCATALOG_COMPILER_GLOBAL_ACCENT_COLOR_NAME = AccentColor;
				CODE_SIGN_STYLE = Automatic;
				CURRENT_PROJECT_VERSION = 1;
				DEVELOPMENT_ASSET_PATHS = "";
				DEVELOPMENT_TEAM = 3PC4MSN8T7;
				ENABLE_PREVIEWS = YES;
				GENERATE_INFOPLIST_FILE = YES;
				INFOPLIST_KEY_UIApplicationSceneManifest_Generation = YES;
				INFOPLIST_KEY_UIApplicationSupportsIndirectInputEvents = YES;
				INFOPLIST_KEY_UILaunchScreen_Generation = YES;
				INFOPLIST_KEY_UISupportedInterfaceOrientations_iPad = "UIInterfaceOrientationPortrait UIInterfaceOrientationPortraitUpsideDown UIInterfaceOrientationLandscapeLeft UIInterfaceOrientationLandscapeRight";
				INFOPLIST_KEY_UISupportedInterfaceOrientations_iPhone = "UIInterfaceOrientationPortrait UIInterfaceOrientationLandscapeLeft UIInterfaceOrientationLandscapeRight";
				INFOPLIST_KEY_UIUserInterfaceStyle = Dark;
				LD_RUNPATH_SEARCH_PATHS = (
					"$(inherited)",
					"@executable_path/Frameworks",
				);
				MARKETING_VERSION = 1.0;
				PRODUCT_BUNDLE_IDENTIFIER = br.com.yago.CryptoSphere;
				PRODUCT_NAME = "$(TARGET_NAME)";
				SWIFT_EMIT_LOC_STRINGS = YES;
				SWIFT_VERSION = 5.0;
				TARGETED_DEVICE_FAMILY = "1,2";
			};
			name = Debug;
		};
		DFB1E8D22B1506360076008E /* Release */ = {
			isa = XCBuildConfiguration;
			buildSettings = {
				ASSETCATALOG_COMPILER_APPICON_NAME = AppIcon;
				ASSETCATALOG_COMPILER_GLOBAL_ACCENT_COLOR_NAME = AccentColor;
				CODE_SIGN_STYLE = Automatic;
				CURRENT_PROJECT_VERSION = 1;
				DEVELOPMENT_ASSET_PATHS = "";
				DEVELOPMENT_TEAM = 3PC4MSN8T7;
				ENABLE_PREVIEWS = YES;
				GENERATE_INFOPLIST_FILE = YES;
				INFOPLIST_KEY_UIApplicationSceneManifest_Generation = YES;
				INFOPLIST_KEY_UIApplicationSupportsIndirectInputEvents = YES;
				INFOPLIST_KEY_UILaunchScreen_Generation = YES;
				INFOPLIST_KEY_UISupportedInterfaceOrientations_iPad = "UIInterfaceOrientationPortrait UIInterfaceOrientationPortraitUpsideDown UIInterfaceOrientationLandscapeLeft UIInterfaceOrientationLandscapeRight";
				INFOPLIST_KEY_UISupportedInterfaceOrientations_iPhone = "UIInterfaceOrientationPortrait UIInterfaceOrientationLandscapeLeft UIInterfaceOrientationLandscapeRight";
				INFOPLIST_KEY_UIUserInterfaceStyle = Dark;
				LD_RUNPATH_SEARCH_PATHS = (
					"$(inherited)",
					"@executable_path/Frameworks",
				);
				MARKETING_VERSION = 1.0;
				PRODUCT_BUNDLE_IDENTIFIER = br.com.yago.CryptoSphere;
				PRODUCT_NAME = "$(TARGET_NAME)";
				SWIFT_EMIT_LOC_STRINGS = YES;
				SWIFT_VERSION = 5.0;
				TARGETED_DEVICE_FAMILY = "1,2";
			};
			name = Release;
		};
		DFB1E8D42B1506360076008E /* Debug */ = {
			isa = XCBuildConfiguration;
			buildSettings = {
				ALWAYS_EMBED_SWIFT_STANDARD_LIBRARIES = YES;
				BUNDLE_LOADER = "$(TEST_HOST)";
				CODE_SIGN_STYLE = Automatic;
				CURRENT_PROJECT_VERSION = 1;
				DEVELOPMENT_TEAM = 3PC4MSN8T7;
				GENERATE_INFOPLIST_FILE = YES;
				IPHONEOS_DEPLOYMENT_TARGET = 17.0;
				MARKETING_VERSION = 1.0;
				PRODUCT_BUNDLE_IDENTIFIER = br.com.yago.CryptoSphereTests;
				PRODUCT_NAME = "$(TARGET_NAME)";
				SWIFT_EMIT_LOC_STRINGS = NO;
				SWIFT_VERSION = 5.0;
				TARGETED_DEVICE_FAMILY = "1,2";
				TEST_HOST = "$(BUILT_PRODUCTS_DIR)/CryptoSphere.app/$(BUNDLE_EXECUTABLE_FOLDER_PATH)/CryptoSphere";
			};
			name = Debug;
		};
		DFB1E8D52B1506360076008E /* Release */ = {
			isa = XCBuildConfiguration;
			buildSettings = {
				ALWAYS_EMBED_SWIFT_STANDARD_LIBRARIES = YES;
				BUNDLE_LOADER = "$(TEST_HOST)";
				CODE_SIGN_STYLE = Automatic;
				CURRENT_PROJECT_VERSION = 1;
				DEVELOPMENT_TEAM = 3PC4MSN8T7;
				GENERATE_INFOPLIST_FILE = YES;
				IPHONEOS_DEPLOYMENT_TARGET = 17.0;
				MARKETING_VERSION = 1.0;
				PRODUCT_BUNDLE_IDENTIFIER = br.com.yago.CryptoSphereTests;
				PRODUCT_NAME = "$(TARGET_NAME)";
				SWIFT_EMIT_LOC_STRINGS = NO;
				SWIFT_VERSION = 5.0;
				TARGETED_DEVICE_FAMILY = "1,2";
				TEST_HOST = "$(BUILT_PRODUCTS_DIR)/CryptoSphere.app/$(BUNDLE_EXECUTABLE_FOLDER_PATH)/CryptoSphere";
			};
			name = Release;
		};
/* End XCBuildConfiguration section */

/* Begin XCConfigurationList section */
		DFB1E8A72B1506350076008E /* Build configuration list for PBXProject "CryptoSphere" */ = {
			isa = XCConfigurationList;
			buildConfigurations = (
				DFB1E8CE2B1506360076008E /* Debug */,
				DFB1E8CF2B1506360076008E /* Release */,
			);
			defaultConfigurationIsVisible = 0;
			defaultConfigurationName = Release;
		};
		DFB1E8D02B1506360076008E /* Build configuration list for PBXNativeTarget "CryptoSphere" */ = {
			isa = XCConfigurationList;
			buildConfigurations = (
				DFB1E8D12B1506360076008E /* Debug */,
				DFB1E8D22B1506360076008E /* Release */,
			);
			defaultConfigurationIsVisible = 0;
			defaultConfigurationName = Release;
		};
		DFB1E8D32B1506360076008E /* Build configuration list for PBXNativeTarget "CryptoSphereTests" */ = {
			isa = XCConfigurationList;
			buildConfigurations = (
				DFB1E8D42B1506360076008E /* Debug */,
				DFB1E8D52B1506360076008E /* Release */,
			);
			defaultConfigurationIsVisible = 0;
			defaultConfigurationName = Release;
		};
/* End XCConfigurationList section */

/* Begin XCRemoteSwiftPackageReference section */
		DFB1E8DF2B150B5F0076008E /* XCRemoteSwiftPackageReference "swift-composable-architecture" */ = {
			isa = XCRemoteSwiftPackageReference;
			repositoryURL = "https://github.com/pointfreeco/swift-composable-architecture";
			requirement = {
				kind = upToNextMajorVersion;
				minimumVersion = 1.5.0;
			};
		};
		DFD2942B2B1B699A00DC1D12 /* XCRemoteSwiftPackageReference "firebase-ios-sdk" */ = {
			isa = XCRemoteSwiftPackageReference;
			repositoryURL = "https://github.com/firebase/firebase-ios-sdk";
			requirement = {
				kind = upToNextMajorVersion;
				minimumVersion = 10.18.0;
			};
		};
/* End XCRemoteSwiftPackageReference section */

/* Begin XCSwiftPackageProductDependency section */
		DFB1E8E02B150B5F0076008E /* ComposableArchitecture */ = {
			isa = XCSwiftPackageProductDependency;
			package = DFB1E8DF2B150B5F0076008E /* XCRemoteSwiftPackageReference "swift-composable-architecture" */;
			productName = ComposableArchitecture;
		};
		DFD2942C2B1B699A00DC1D12 /* FirebaseFirestore */ = {
			isa = XCSwiftPackageProductDependency;
			package = DFD2942B2B1B699A00DC1D12 /* XCRemoteSwiftPackageReference "firebase-ios-sdk" */;
			productName = FirebaseFirestore;
		};
/* End XCSwiftPackageProductDependency section */

/* Begin XCVersionGroup section */
		DFB1E9212B16499D0076008E /* CoinCache.xcdatamodeld */ = {
			isa = XCVersionGroup;
			children = (
				DFB1E9222B16499D0076008E /* CoinCache.xcdatamodel */,
			);
			currentVersion = DFB1E9222B16499D0076008E /* CoinCache.xcdatamodel */;
			path = CoinCache.xcdatamodeld;
			sourceTree = "<group>";
			versionGroupType = wrapper.xcdatamodel;
		};
/* End XCVersionGroup section */
	};
	rootObject = DFB1E8A42B1506350076008E /* Project object */;
}
